
Microsoft Visual Studio Solution File, Format Version 12.00
# Visual Studio Version 17
VisualStudioVersion = 17.0.31903.59
MinimumVisualStudioVersion = 10.0.40219.1
Project("{FAE04EC0-301F-11D3-BF4B-00C04F79EFBC}") = "Comeback.BuildingBlocks", "src\building-blocks\Comeback.BuildingBlocks\Comeback.BuildingBlocks.csproj", "{2C1DCA96-6E9C-4CED-B68D-22FB2009370A}"
EndProject
Project("{FAE04EC0-301F-11D3-BF4B-00C04F79EFBC}") = "Comeback.Auth.Domain", "src\services\auth\Comeback.Auth.Domain\Comeback.Auth.Domain.csproj", "{CB193E4A-61FA-4326-81FC-772C185252B1}"
EndProject
Project("{FAE04EC0-301F-11D3-BF4B-00C04F79EFBC}") = "Comeback.Auth.Application", "src\services\auth\Comeback.Auth.Application\Comeback.Auth.Application.csproj", "{9B5E0BAD-9895-459B-B4A6-3AB422BF5F49}"
EndProject
Project("{FAE04EC0-301F-11D3-BF4B-00C04F79EFBC}") = "Comeback.Auth.Infrastructure", "src\services\auth\Comeback.Auth.Infrastructure\Comeback.Auth.Infrastructure.csproj", "{49195CCE-77FD-4012-95A7-CC088E558BDE}"
EndProject
Project("{FAE04EC0-301F-11D3-BF4B-00C04F79EFBC}") = "Comeback.Auth.Api", "src\services\auth\Comeback.Auth.Api\Comeback.Auth.Api.csproj", "{40CF7395-9C93-48B1-873A-9DE22C10632D}"
EndProject
Project("{FAE04EC0-301F-11D3-BF4B-00C04F79EFBC}") = "Comeback.Auth.Application.Tests", "tests\services\auth\Comeback.Auth.Application.Tests\Comeback.Auth.Application.Tests.csproj", "{9C2AE877-24C1-4EDC-989F-6FAED876A370}"
EndProject
Project("{FAE04EC0-301F-11D3-BF4B-00C04F79EFBC}") = "Comeback.Auth.Api.IntegrationTests", "tests\services\auth\Comeback.Auth.Api.IntegrationTests\Comeback.Auth.Api.IntegrationTests.csproj", "{819DA425-2CDE-4BBE-88F1-4D5868210CCC}"
EndProject
Global
	GlobalSection(SolutionConfigurationPlatforms) = preSolution
		Debug|Any CPU = Debug|Any CPU
		Debug|x64 = Debug|x64
		Debug|x86 = Debug|x86
		Release|Any CPU = Release|Any CPU
		Release|x64 = Release|x64
		Release|x86 = Release|x86
	EndGlobalSection
	GlobalSection(ProjectConfigurationPlatforms) = postSolution
		{2C1DCA96-6E9C-4CED-B68D-22FB2009370A}.Debug|Any CPU.ActiveCfg = Debug|Any CPU
		{2C1DCA96-6E9C-4CED-B68D-22FB2009370A}.Debug|Any CPU.Build.0 = Debug|Any CPU
		{2C1DCA96-6E9C-4CED-B68D-22FB2009370A}.Debug|x64.ActiveCfg = Debug|Any CPU
		{2C1DCA96-6E9C-4CED-B68D-22FB2009370A}.Debug|x64.Build.0 = Debug|Any CPU
		{2C1DCA96-6E9C-4CED-B68D-22FB2009370A}.Debug|x86.ActiveCfg = Debug|Any CPU
		{2C1DCA96-6E9C-4CED-B68D-22FB2009370A}.Debug|x86.Build.0 = Debug|Any CPU
		{2C1DCA96-6E9C-4CED-B68D-22FB2009370A}.Release|Any CPU.ActiveCfg = Release|Any CPU
		{2C1DCA96-6E9C-4CED-B68D-22FB2009370A}.Release|Any CPU.Build.0 = Release|Any CPU
		{2C1DCA96-6E9C-4CED-B68D-22FB2009370A}.Release|x64.ActiveCfg = Release|Any CPU
		{2C1DCA96-6E9C-4CED-B68D-22FB2009370A}.Release|x64.Build.0 = Release|Any CPU
		{2C1DCA96-6E9C-4CED-B68D-22FB2009370A}.Release|x86.ActiveCfg = Release|Any CPU
		{2C1DCA96-6E9C-4CED-B68D-22FB2009370A}.Release|x86.Build.0 = Release|Any CPU
		{CB193E4A-61FA-4326-81FC-772C185252B1}.Debug|Any CPU.ActiveCfg = Debug|Any CPU
		{CB193E4A-61FA-4326-81FC-772C185252B1}.Debug|Any CPU.Build.0 = Debug|Any CPU
		{CB193E4A-61FA-4326-81FC-772C185252B1}.Debug|x64.ActiveCfg = Debug|Any CPU
		{CB193E4A-61FA-4326-81FC-772C185252B1}.Debug|x64.Build.0 = Debug|Any CPU
		{CB193E4A-61FA-4326-81FC-772C185252B1}.Debug|x86.ActiveCfg = Debug|Any CPU
		{CB193E4A-61FA-4326-81FC-772C185252B1}.Debug|x86.Build.0 = Debug|Any CPU
		{CB193E4A-61FA-4326-81FC-772C185252B1}.Release|Any CPU.ActiveCfg = Release|Any CPU
		{CB193E4A-61FA-4326-81FC-772C185252B1}.Release|Any CPU.Build.0 = Release|Any CPU
		{CB193E4A-61FA-4326-81FC-772C185252B1}.Release|x64.ActiveCfg = Release|Any CPU
		{CB193E4A-61FA-4326-81FC-772C185252B1}.Release|x64.Build.0 = Release|Any CPU
		{CB193E4A-61FA-4326-81FC-772C185252B1}.Release|x86.ActiveCfg = Release|Any CPU
		{CB193E4A-61FA-4326-81FC-772C185252B1}.Release|x86.Build.0 = Release|Any CPU
		{9B5E0BAD-9895-459B-B4A6-3AB422BF5F49}.Debug|Any CPU.ActiveCfg = Debug|Any CPU
		{9B5E0BAD-9895-459B-B4A6-3AB422BF5F49}.Debug|Any CPU.Build.0 = Debug|Any CPU
		{9B5E0BAD-9895-459B-B4A6-3AB422BF5F49}.Debug|x64.ActiveCfg = Debug|Any CPU
		{9B5E0BAD-9895-459B-B4A6-3AB422BF5F49}.Debug|x64.Build.0 = Debug|Any CPU
		{9B5E0BAD-9895-459B-B4A6-3AB422BF5F49}.Debug|x86.ActiveCfg = Debug|Any CPU
		{9B5E0BAD-9895-459B-B4A6-3AB422BF5F49}.Debug|x86.Build.0 = Debug|Any CPU
		{9B5E0BAD-9895-459B-B4A6-3AB422BF5F49}.Release|Any CPU.ActiveCfg = Release|Any CPU
		{9B5E0BAD-9895-459B-B4A6-3AB422BF5F49}.Release|Any CPU.Build.0 = Release|Any CPU
		{9B5E0BAD-9895-459B-B4A6-3AB422BF5F49}.Release|x64.ActiveCfg = Release|Any CPU
		{9B5E0BAD-9895-459B-B4A6-3AB422BF5F49}.Release|x64.Build.0 = Release|Any CPU
		{9B5E0BAD-9895-459B-B4A6-3AB422BF5F49}.Release|x86.ActiveCfg = Release|Any CPU
		{9B5E0BAD-9895-459B-B4A6-3AB422BF5F49}.Release|x86.Build.0 = Release|Any CPU
		{49195CCE-77FD-4012-95A7-CC088E558BDE}.Debug|Any CPU.ActiveCfg = Debug|Any CPU
		{49195CCE-77FD-4012-95A7-CC088E558BDE}.Debug|Any CPU.Build.0 = Debug|Any CPU
		{49195CCE-77FD-4012-95A7-CC088E558BDE}.Debug|x64.ActiveCfg = Debug|Any CPU
		{49195CCE-77FD-4012-95A7-CC088E558BDE}.Debug|x64.Build.0 = Debug|Any CPU
		{49195CCE-77FD-4012-95A7-CC088E558BDE}.Debug|x86.ActiveCfg = Debug|Any CPU
		{49195CCE-77FD-4012-95A7-CC088E558BDE}.Debug|x86.Build.0 = Debug|Any CPU
		{49195CCE-77FD-4012-95A7-CC088E558BDE}.Release|Any CPU.ActiveCfg = Release|Any CPU
		{49195CCE-77FD-4012-95A7-CC088E558BDE}.Release|Any CPU.Build.0 = Release|Any CPU
		{49195CCE-77FD-4012-95A7-CC088E558BDE}.Release|x64.ActiveCfg = Release|Any CPU
		{49195CCE-77FD-4012-95A7-CC088E558BDE}.Release|x64.Build.0 = Release|Any CPU
		{49195CCE-77FD-4012-95A7-CC088E558BDE}.Release|x86.ActiveCfg = Release|Any CPU
		{49195CCE-77FD-4012-95A7-CC088E558BDE}.Release|x86.Build.0 = Release|Any CPU
		{40CF7395-9C93-48B1-873A-9DE22C10632D}.Debug|Any CPU.ActiveCfg = Debug|Any CPU
		{40CF7395-9C93-48B1-873A-9DE22C10632D}.Debug|Any CPU.Build.0 = Debug|Any CPU
		{40CF7395-9C93-48B1-873A-9DE22C10632D}.Debug|x64.ActiveCfg = Debug|Any CPU
		{40CF7395-9C93-48B1-873A-9DE22C10632D}.Debug|x64.Build.0 = Debug|Any CPU
		{40CF7395-9C93-48B1-873A-9DE22C10632D}.Debug|x86.ActiveCfg = Debug|Any CPU
		{40CF7395-9C93-48B1-873A-9DE22C10632D}.Debug|x86.Build.0 = Debug|Any CPU
		{40CF7395-9C93-48B1-873A-9DE22C10632D}.Release|Any CPU.ActiveCfg = Release|Any CPU
		{40CF7395-9C93-48B1-873A-9DE22C10632D}.Release|Any CPU.Build.0 = Release|Any CPU
		{40CF7395-9C93-48B1-873A-9DE22C10632D}.Release|x64.ActiveCfg = Release|Any CPU
		{40CF7395-9C93-48B1-873A-9DE22C10632D}.Release|x64.Build.0 = Release|Any CPU
		{40CF7395-9C93-48B1-873A-9DE22C10632D}.Release|x86.ActiveCfg = Release|Any CPU
		{40CF7395-9C93-48B1-873A-9DE22C10632D}.Release|x86.Build.0 = Release|Any CPU
		{9C2AE877-24C1-4EDC-989F-6FAED876A370}.Debug|Any CPU.ActiveCfg = Debug|Any CPU
		{9C2AE877-24C1-4EDC-989F-6FAED876A370}.Debug|Any CPU.Build.0 = Debug|Any CPU
		{9C2AE877-24C1-4EDC-989F-6FAED876A370}.Debug|x64.ActiveCfg = Debug|Any CPU
		{9C2AE877-24C1-4EDC-989F-6FAED876A370}.Debug|x64.Build.0 = Debug|Any CPU
		{9C2AE877-24C1-4EDC-989F-6FAED876A370}.Debug|x86.ActiveCfg = Debug|Any CPU
		{9C2AE877-24C1-4EDC-989F-6FAED876A370}.Debug|x86.Build.0 = Debug|Any CPU
		{9C2AE877-24C1-4EDC-989F-6FAED876A370}.Release|Any CPU.ActiveCfg = Release|Any CPU
		{9C2AE877-24C1-4EDC-989F-6FAED876A370}.Release|Any CPU.Build.0 = Release|Any CPU
		{9C2AE877-24C1-4EDC-989F-6FAED876A370}.Release|x64.ActiveCfg = Release|Any CPU
		{9C2AE877-24C1-4EDC-989F-6FAED876A370}.Release|x64.Build.0 = Release|Any CPU
		{9C2AE877-24C1-4EDC-989F-6FAED876A370}.Release|x86.ActiveCfg = Release|Any CPU
		{9C2AE877-24C1-4EDC-989F-6FAED876A370}.Release|x86.Build.0 = Release|Any CPU
		{819DA425-2CDE-4BBE-88F1-4D5868210CCC}.Debug|Any CPU.ActiveCfg = Debug|Any CPU
		{819DA425-2CDE-4BBE-88F1-4D5868210CCC}.Debug|Any CPU.Build.0 = Debug|Any CPU
		{819DA425-2CDE-4BBE-88F1-4D5868210CCC}.Debug|x64.ActiveCfg = Debug|Any CPU
		{819DA425-2CDE-4BBE-88F1-4D5868210CCC}.Debug|x64.Build.0 = Debug|Any CPU
		{819DA425-2CDE-4BBE-88F1-4D5868210CCC}.Debug|x86.ActiveCfg = Debug|Any CPU
		{819DA425-2CDE-4BBE-88F1-4D5868210CCC}.Debug|x86.Build.0 = Debug|Any CPU
		{819DA425-2CDE-4BBE-88F1-4D5868210CCC}.Release|Any CPU.ActiveCfg = Release|Any CPU
		{819DA425-2CDE-4BBE-88F1-4D5868210CCC}.Release|Any CPU.Build.0 = Release|Any CPU
		{819DA425-2CDE-4BBE-88F1-4D5868210CCC}.Release|x64.ActiveCfg = Release|Any CPU
		{819DA425-2CDE-4BBE-88F1-4D5868210CCC}.Release|x64.Build.0 = Release|Any CPU
		{819DA425-2CDE-4BBE-88F1-4D5868210CCC}.Release|x86.ActiveCfg = Release|Any CPU
		{819DA425-2CDE-4BBE-88F1-4D5868210CCC}.Release|x86.Build.0 = Release|Any CPU
	EndGlobalSection
	GlobalSection(SolutionProperties) = preSolution
		HideSolutionNode = FALSE
	EndGlobalSection
	GlobalSection(NestedProjects) = preSolution
		{2C1DCA96-6E9C-4CED-B68D-22FB2009370A} = {C13E73B6-616D-3195-CD22-1E55A7D1F969}
		{CB193E4A-61FA-4326-81FC-772C185252B1} = {473EF3C4-73FA-6715-AA3C-7C7929374EED}
		{9B5E0BAD-9895-459B-B4A6-3AB422BF5F49} = {473EF3C4-73FA-6715-AA3C-7C7929374EED}
		{49195CCE-77FD-4012-95A7-CC088E558BDE} = {473EF3C4-73FA-6715-AA3C-7C7929374EED}
		{40CF7395-9C93-48B1-873A-9DE22C10632D} = {473EF3C4-73FA-6715-AA3C-7C7929374EED}
		{9C2AE877-24C1-4EDC-989F-6FAED876A370} = {0523F106-9A58-235E-3F4B-7B303D1B860E}
		{819DA425-2CDE-4BBE-88F1-4D5868210CCC} = {0523F106-9A58-235E-3F4B-7B303D1B860E}
	EndGlobalSection
EndGlobal
