
Microsoft Visual Studio Solution File, Format Version 12.00
# Visual Studio Version 17
VisualStudioVersion = 17.0.31903.59
MinimumVisualStudioVersion = 10.0.40219.1
Project("{FAE04EC0-301F-11D3-BF4B-00C04F79EFBC}") = "Comeback.BuildingBlocks", "src\building-blocks\Comeback.BuildingBlocks\Comeback.BuildingBlocks.csproj", "{2C1DCA96-6E9C-4CED-B68D-22FB2009370A}"
EndProject
Project("{FAE04EC0-301F-11D3-BF4B-00C04F79EFBC}") = "Comeback.Auth.Domain", "src\services\auth\Comeback.Auth.Domain\Comeback.Auth.Domain.csproj", "{CB193E4A-61FA-4326-81FC-772C185252B1}"
EndProject
Project("{FAE04EC0-301F-11D3-BF4B-00C04F79EFBC}") = "Comeback.Auth.Application", "src\services\auth\Comeback.Auth.Application\Comeback.Auth.Application.csproj", "{9B5E0BAD-9895-459B-B4A6-3AB422BF5F49}"
EndProject
Project("{FAE04EC0-301F-11D3-BF4B-00C04F79EFBC}") = "Comeback.Auth.Infrastructure", "src\services\auth\Comeback.Auth.Infrastructure\Comeback.Auth.Infrastructure.csproj", "{49195CCE-77FD-4012-95A7-CC088E558BDE}"
EndProject
Project("{FAE04EC0-301F-11D3-BF4B-00C04F79EFBC}") = "Comeback.Auth.Api", "src\services\auth\Comeback.Auth.Api\Comeback.Auth.Api.csproj", "{40CF7395-9C93-48B1-873A-9DE22C10632D}"
EndProject
Project("{FAE04EC0-301F-11D3-BF4B-00C04F79EFBC}") = "Comeback.Profile.Domain", "src\services\profile\Comeback.Profile.Domain\Comeback.Profile.Domain.csproj", "{2447A537-8F84-40F8-8C34-3444759727DF}"
EndProject
Project("{FAE04EC0-301F-11D3-BF4B-00C04F79EFBC}") = "Comeback.Profile.Application", "src\services\profile\Comeback.Profile.Application\Comeback.Profile.Application.csproj", "{E3A1077C-1ACF-494E-AFB6-486C71069D03}"
EndProject
Project("{FAE04EC0-301F-11D3-BF4B-00C04F79EFBC}") = "Comeback.Profile.Infrastructure", "src\services\profile\Comeback.Profile.Infrastructure\Comeback.Profile.Infrastructure.csproj", "{C066783E-8292-4018-AFBC-5CEBB42ED36B}"
EndProject
Project("{FAE04EC0-301F-11D3-BF4B-00C04F79EFBC}") = "Comeback.Profile.Api", "src\services\profile\Comeback.Profile.Api\Comeback.Profile.Api.csproj", "{D7F4D377-5C94-4C35-A5E5-2798AC4E0833}"
EndProject
Project("{FAE04EC0-301F-11D3-BF4B-00C04F79EFBC}") = "Comeback.Gateway", "src\gateway\Comeback.Gateway\Comeback.Gateway.csproj", "{F6D6AD1B-C989-468B-9A37-F3D307317C57}"
EndProject
Project("{FAE04EC0-301F-11D3-BF4B-00C04F79EFBC}") = "Comeback.Auth.Application.Tests", "tests\services\auth\Comeback.Auth.Application.Tests\Comeback.Auth.Application.Tests.csproj", "{9C2AE877-24C1-4EDC-989F-6FAED876A370}"
EndProject
Project("{FAE04EC0-301F-11D3-BF4B-00C04F79EFBC}") = "Comeback.Profile.Application.Tests", "tests\services\profile\Comeback.Profile.Application.Tests\Comeback.Profile.Application.Tests.csproj", "{828F0155-5E5A-47E2-8B81-4FA9EE1D3CF2}"
EndProject
Project("{FAE04EC0-301F-11D3-BF4B-00C04F79EFBC}") = "Comeback.Notification.Application", "src\services\notification\Comeback.Notification.Application\Comeback.Notification.Application.csproj", "{584A6854-05F2-4001-850F-678E5EF73EFA}"
EndProject
Project("{FAE04EC0-301F-11D3-BF4B-00C04F79EFBC}") = "Comeback.Notification.Infrastructure", "src\services\notification\Comeback.Notification.Infrastructure\Comeback.Notification.Infrastructure.csproj", "{AB7F0653-5EF5-463B-ABE5-0C4F2B7EF9B7}"
EndProject
Project("{FAE04EC0-301F-11D3-BF4B-00C04F79EFBC}") = "Comeback.Notification.Api", "src\services\notification\Comeback.Notification.Api\Comeback.Notification.Api.csproj", "{C884FC8D-7B49-47C3-BAD3-700AE6EF74AC}"
EndProject
Project("{FAE04EC0-301F-11D3-BF4B-00C04F79EFBC}") = "Comeback.Match.Domain", "src\services\match\Comeback.Match.Domain\Comeback.Match.Domain.csproj", "{32CDCD5D-94DC-422B-A8A0-5EF9253F7F21}"
EndProject
Project("{FAE04EC0-301F-11D3-BF4B-00C04F79EFBC}") = "Comeback.Match.Application", "src\services\match\Comeback.Match.Application\Comeback.Match.Application.csproj", "{8C0B951E-DAFA-42EF-830B-BE8F22AD4B1A}"
EndProject
Project("{FAE04EC0-301F-11D3-BF4B-00C04F79EFBC}") = "Comeback.Match.Infrastructure", "src\services\match\Comeback.Match.Infrastructure\Comeback.Match.Infrastructure.csproj", "{20CBE495-0BBF-49E6-9CEE-F5FC0ADAA256}"
EndProject
Project("{FAE04EC0-301F-11D3-BF4B-00C04F79EFBC}") = "Comeback.Match.Api", "src\services\match\Comeback.Match.Api\Comeback.Match.Api.csproj", "{DFECA954-0BAB-4215-916F-0EA0AD7FB163}"
EndProject
Project("{FAE04EC0-301F-11D3-BF4B-00C04F79EFBC}") = "Comeback.Chat.Domain", "src\services\chat\Comeback.Chat.Domain\Comeback.Chat.Domain.csproj", "{B2C3D4E5-F6A7-8901-BCDE-F12345678901}"
EndProject
Project("{FAE04EC0-301F-11D3-BF4B-00C04F79EFBC}") = "Comeback.Chat.Application", "src\services\chat\Comeback.Chat.Application\Comeback.Chat.Application.csproj", "{C3D4E5F6-A7B8-9012-CDEF-012345678902}"
EndProject
Project("{FAE04EC0-301F-11D3-BF4B-00C04F79EFBC}") = "Comeback.Chat.Infrastructure", "src\services\chat\Comeback.Chat.Infrastructure\Comeback.Chat.Infrastructure.csproj", "{D4E5F6A7-B8C9-0123-DEF0-123456789003}"
EndProject
Project("{FAE04EC0-301F-11D3-BF4B-00C04F79EFBC}") = "Comeback.Chat.Api", "src\services\chat\Comeback.Chat.Api\Comeback.Chat.Api.csproj", "{E5F6A7B8-C9D0-1234-EF01-234567890004}"
EndProject
Project("{FAE04EC0-301F-11D3-BF4B-00C04F79EFBC}") = "Comeback.Match.Application.Tests", "tests\services\match\Comeback.Match.Application.Tests\Comeback.Match.Application.Tests.csproj", "{B7EA5C5C-6F84-4C87-BC13-00D2C3B1E85C}"
EndProject
Project("{FAE04EC0-301F-11D3-BF4B-00C04F79EFBC}") = "Comeback.Match.Api.IntegrationTests", "tests\services\match\Comeback.Match.Api.IntegrationTests\Comeback.Match.Api.IntegrationTests.csproj", "{2EBDD70F-5B56-46C2-8ED8-977B39AC772C}"
EndProject
Project("{FAE04EC0-301F-11D3-BF4B-00C04F79EFBC}") = "Comeback.Profile.Api.IntegrationTests", "tests\services\profile\Comeback.Profile.Api.IntegrationTests\Comeback.Profile.Api.IntegrationTests.csproj", "{E80F77A5-49F1-49D4-9EA3-0A875B39B526}"
EndProject
Project("{FAE04EC0-301F-11D3-BF4B-00C04F79EFBC}") = "Comeback.Auth.Api.IntegrationTests", "tests\services\auth\Comeback.Auth.Api.IntegrationTests\Comeback.Auth.Api.IntegrationTests.csproj", "{819DA425-2CDE-4BBE-88F1-4D5868210CCC}"
EndProject
Global
	GlobalSection(SolutionConfigurationPlatforms) = preSolution
		Debug|Any CPU = Debug|Any CPU
		Debug|x64 = Debug|x64
		Debug|x86 = Debug|x86
		Release|Any CPU = Release|Any CPU
		Release|x64 = Release|x64
		Release|x86 = Release|x86
	EndGlobalSection
	GlobalSection(ProjectConfigurationPlatforms) = postSolution
		{2C1DCA96-6E9C-4CED-B68D-22FB2009370A}.Debug|Any CPU.ActiveCfg = Debug|Any CPU
		{2C1DCA96-6E9C-4CED-B68D-22FB2009370A}.Debug|Any CPU.Build.0 = Debug|Any CPU
		{2C1DCA96-6E9C-4CED-B68D-22FB2009370A}.Debug|x64.ActiveCfg = Debug|Any CPU
		{2C1DCA96-6E9C-4CED-B68D-22FB2009370A}.Debug|x64.Build.0 = Debug|Any CPU
		{2C1DCA96-6E9C-4CED-B68D-22FB2009370A}.Debug|x86.ActiveCfg = Debug|Any CPU
		{2C1DCA96-6E9C-4CED-B68D-22FB2009370A}.Debug|x86.Build.0 = Debug|Any CPU
		{2C1DCA96-6E9C-4CED-B68D-22FB2009370A}.Release|Any CPU.ActiveCfg = Release|Any CPU
		{2C1DCA96-6E9C-4CED-B68D-22FB2009370A}.Release|Any CPU.Build.0 = Release|Any CPU
		{2C1DCA96-6E9C-4CED-B68D-22FB2009370A}.Release|x64.ActiveCfg = Release|Any CPU
		{2C1DCA96-6E9C-4CED-B68D-22FB2009370A}.Release|x64.Build.0 = Release|Any CPU
		{2C1DCA96-6E9C-4CED-B68D-22FB2009370A}.Release|x86.ActiveCfg = Release|Any CPU
		{2C1DCA96-6E9C-4CED-B68D-22FB2009370A}.Release|x86.Build.0 = Release|Any CPU
		{CB193E4A-61FA-4326-81FC-772C185252B1}.Debug|Any CPU.ActiveCfg = Debug|Any CPU
		{CB193E4A-61FA-4326-81FC-772C185252B1}.Debug|Any CPU.Build.0 = Debug|Any CPU
		{CB193E4A-61FA-4326-81FC-772C185252B1}.Debug|x64.ActiveCfg = Debug|Any CPU
		{CB193E4A-61FA-4326-81FC-772C185252B1}.Debug|x64.Build.0 = Debug|Any CPU
		{CB193E4A-61FA-4326-81FC-772C185252B1}.Debug|x86.ActiveCfg = Debug|Any CPU
		{CB193E4A-61FA-4326-81FC-772C185252B1}.Debug|x86.Build.0 = Debug|Any CPU
		{CB193E4A-61FA-4326-81FC-772C185252B1}.Release|Any CPU.ActiveCfg = Release|Any CPU
		{CB193E4A-61FA-4326-81FC-772C185252B1}.Release|Any CPU.Build.0 = Release|Any CPU
		{CB193E4A-61FA-4326-81FC-772C185252B1}.Release|x64.ActiveCfg = Release|Any CPU
		{CB193E4A-61FA-4326-81FC-772C185252B1}.Release|x64.Build.0 = Release|Any CPU
		{CB193E4A-61FA-4326-81FC-772C185252B1}.Release|x86.ActiveCfg = Release|Any CPU
		{CB193E4A-61FA-4326-81FC-772C185252B1}.Release|x86.Build.0 = Release|Any CPU
		{9B5E0BAD-9895-459B-B4A6-3AB422BF5F49}.Debug|Any CPU.ActiveCfg = Debug|Any CPU
		{9B5E0BAD-9895-459B-B4A6-3AB422BF5F49}.Debug|Any CPU.Build.0 = Debug|Any CPU
		{9B5E0BAD-9895-459B-B4A6-3AB422BF5F49}.Debug|x64.ActiveCfg = Debug|Any CPU
		{9B5E0BAD-9895-459B-B4A6-3AB422BF5F49}.Debug|x64.Build.0 = Debug|Any CPU
		{9B5E0BAD-9895-459B-B4A6-3AB422BF5F49}.Debug|x86.ActiveCfg = Debug|Any CPU
		{9B5E0BAD-9895-459B-B4A6-3AB422BF5F49}.Debug|x86.Build.0 = Debug|Any CPU
		{9B5E0BAD-9895-459B-B4A6-3AB422BF5F49}.Release|Any CPU.ActiveCfg = Release|Any CPU
		{9B5E0BAD-9895-459B-B4A6-3AB422BF5F49}.Release|Any CPU.Build.0 = Release|Any CPU
		{9B5E0BAD-9895-459B-B4A6-3AB422BF5F49}.Release|x64.ActiveCfg = Release|Any CPU
		{9B5E0BAD-9895-459B-B4A6-3AB422BF5F49}.Release|x64.Build.0 = Release|Any CPU
		{9B5E0BAD-9895-459B-B4A6-3AB422BF5F49}.Release|x86.ActiveCfg = Release|Any CPU
		{9B5E0BAD-9895-459B-B4A6-3AB422BF5F49}.Release|x86.Build.0 = Release|Any CPU
		{49195CCE-77FD-4012-95A7-CC088E558BDE}.Debug|Any CPU.ActiveCfg = Debug|Any CPU
		{49195CCE-77FD-4012-95A7-CC088E558BDE}.Debug|Any CPU.Build.0 = Debug|Any CPU
		{49195CCE-77FD-4012-95A7-CC088E558BDE}.Debug|x64.ActiveCfg = Debug|Any CPU
		{49195CCE-77FD-4012-95A7-CC088E558BDE}.Debug|x64.Build.0 = Debug|Any CPU
		{49195CCE-77FD-4012-95A7-CC088E558BDE}.Debug|x86.ActiveCfg = Debug|Any CPU
		{49195CCE-77FD-4012-95A7-CC088E558BDE}.Debug|x86.Build.0 = Debug|Any CPU
		{49195CCE-77FD-4012-95A7-CC088E558BDE}.Release|Any CPU.ActiveCfg = Release|Any CPU
		{49195CCE-77FD-4012-95A7-CC088E558BDE}.Release|Any CPU.Build.0 = Release|Any CPU
		{49195CCE-77FD-4012-95A7-CC088E558BDE}.Release|x64.ActiveCfg = Release|Any CPU
		{49195CCE-77FD-4012-95A7-CC088E558BDE}.Release|x64.Build.0 = Release|Any CPU
		{49195CCE-77FD-4012-95A7-CC088E558BDE}.Release|x86.ActiveCfg = Release|Any CPU
		{49195CCE-77FD-4012-95A7-CC088E558BDE}.Release|x86.Build.0 = Release|Any CPU
		{40CF7395-9C93-48B1-873A-9DE22C10632D}.Debug|Any CPU.ActiveCfg = Debug|Any CPU
		{40CF7395-9C93-48B1-873A-9DE22C10632D}.Debug|Any CPU.Build.0 = Debug|Any CPU
		{40CF7395-9C93-48B1-873A-9DE22C10632D}.Debug|x64.ActiveCfg = Debug|Any CPU
		{40CF7395-9C93-48B1-873A-9DE22C10632D}.Debug|x64.Build.0 = Debug|Any CPU
		{40CF7395-9C93-48B1-873A-9DE22C10632D}.Debug|x86.ActiveCfg = Debug|Any CPU
		{40CF7395-9C93-48B1-873A-9DE22C10632D}.Debug|x86.Build.0 = Debug|Any CPU
		{40CF7395-9C93-48B1-873A-9DE22C10632D}.Release|Any CPU.ActiveCfg = Release|Any CPU
		{40CF7395-9C93-48B1-873A-9DE22C10632D}.Release|Any CPU.Build.0 = Release|Any CPU
		{40CF7395-9C93-48B1-873A-9DE22C10632D}.Release|x64.ActiveCfg = Release|Any CPU
		{40CF7395-9C93-48B1-873A-9DE22C10632D}.Release|x64.Build.0 = Release|Any CPU
		{40CF7395-9C93-48B1-873A-9DE22C10632D}.Release|x86.ActiveCfg = Release|Any CPU
		{40CF7395-9C93-48B1-873A-9DE22C10632D}.Release|x86.Build.0 = Release|Any CPU
		{2447A537-8F84-40F8-8C34-3444759727DF}.Debug|Any CPU.ActiveCfg = Debug|Any CPU
		{2447A537-8F84-40F8-8C34-3444759727DF}.Debug|Any CPU.Build.0 = Debug|Any CPU
		{2447A537-8F84-40F8-8C34-3444759727DF}.Debug|x64.ActiveCfg = Debug|Any CPU
		{2447A537-8F84-40F8-8C34-3444759727DF}.Debug|x64.Build.0 = Debug|Any CPU
		{2447A537-8F84-40F8-8C34-3444759727DF}.Debug|x86.ActiveCfg = Debug|Any CPU
		{2447A537-8F84-40F8-8C34-3444759727DF}.Debug|x86.Build.0 = Debug|Any CPU
		{2447A537-8F84-40F8-8C34-3444759727DF}.Release|Any CPU.ActiveCfg = Release|Any CPU
		{2447A537-8F84-40F8-8C34-3444759727DF}.Release|Any CPU.Build.0 = Release|Any CPU
		{2447A537-8F84-40F8-8C34-3444759727DF}.Release|x64.ActiveCfg = Release|Any CPU
		{2447A537-8F84-40F8-8C34-3444759727DF}.Release|x64.Build.0 = Release|Any CPU
		{2447A537-8F84-40F8-8C34-3444759727DF}.Release|x86.ActiveCfg = Release|Any CPU
		{2447A537-8F84-40F8-8C34-3444759727DF}.Release|x86.Build.0 = Release|Any CPU
		{E3A1077C-1ACF-494E-AFB6-486C71069D03}.Debug|Any CPU.ActiveCfg = Debug|Any CPU
		{E3A1077C-1ACF-494E-AFB6-486C71069D03}.Debug|Any CPU.Build.0 = Debug|Any CPU
		{E3A1077C-1ACF-494E-AFB6-486C71069D03}.Debug|x64.ActiveCfg = Debug|Any CPU
		{E3A1077C-1ACF-494E-AFB6-486C71069D03}.Debug|x64.Build.0 = Debug|Any CPU
		{E3A1077C-1ACF-494E-AFB6-486C71069D03}.Debug|x86.ActiveCfg = Debug|Any CPU
		{E3A1077C-1ACF-494E-AFB6-486C71069D03}.Debug|x86.Build.0 = Debug|Any CPU
		{E3A1077C-1ACF-494E-AFB6-486C71069D03}.Release|Any CPU.ActiveCfg = Release|Any CPU
		{E3A1077C-1ACF-494E-AFB6-486C71069D03}.Release|Any CPU.Build.0 = Release|Any CPU
		{E3A1077C-1ACF-494E-AFB6-486C71069D03}.Release|x64.ActiveCfg = Release|Any CPU
		{E3A1077C-1ACF-494E-AFB6-486C71069D03}.Release|x64.Build.0 = Release|Any CPU
		{E3A1077C-1ACF-494E-AFB6-486C71069D03}.Release|x86.ActiveCfg = Release|Any CPU
		{E3A1077C-1ACF-494E-AFB6-486C71069D03}.Release|x86.Build.0 = Release|Any CPU
		{C066783E-8292-4018-AFBC-5CEBB42ED36B}.Debug|Any CPU.ActiveCfg = Debug|Any CPU
		{C066783E-8292-4018-AFBC-5CEBB42ED36B}.Debug|Any CPU.Build.0 = Debug|Any CPU
		{C066783E-8292-4018-AFBC-5CEBB42ED36B}.Debug|x64.ActiveCfg = Debug|Any CPU
		{C066783E-8292-4018-AFBC-5CEBB42ED36B}.Debug|x64.Build.0 = Debug|Any CPU
		{C066783E-8292-4018-AFBC-5CEBB42ED36B}.Debug|x86.ActiveCfg = Debug|Any CPU
		{C066783E-8292-4018-AFBC-5CEBB42ED36B}.Debug|x86.Build.0 = Debug|Any CPU
		{C066783E-8292-4018-AFBC-5CEBB42ED36B}.Release|Any CPU.ActiveCfg = Release|Any CPU
		{C066783E-8292-4018-AFBC-5CEBB42ED36B}.Release|Any CPU.Build.0 = Release|Any CPU
		{C066783E-8292-4018-AFBC-5CEBB42ED36B}.Release|x64.ActiveCfg = Release|Any CPU
		{C066783E-8292-4018-AFBC-5CEBB42ED36B}.Release|x64.Build.0 = Release|Any CPU
		{C066783E-8292-4018-AFBC-5CEBB42ED36B}.Release|x86.ActiveCfg = Release|Any CPU
		{C066783E-8292-4018-AFBC-5CEBB42ED36B}.Release|x86.Build.0 = Release|Any CPU
		{D7F4D377-5C94-4C35-A5E5-2798AC4E0833}.Debug|Any CPU.ActiveCfg = Debug|Any CPU
		{D7F4D377-5C94-4C35-A5E5-2798AC4E0833}.Debug|Any CPU.Build.0 = Debug|Any CPU
		{D7F4D377-5C94-4C35-A5E5-2798AC4E0833}.Debug|x64.ActiveCfg = Debug|Any CPU
		{D7F4D377-5C94-4C35-A5E5-2798AC4E0833}.Debug|x64.Build.0 = Debug|Any CPU
		{D7F4D377-5C94-4C35-A5E5-2798AC4E0833}.Debug|x86.ActiveCfg = Debug|Any CPU
		{D7F4D377-5C94-4C35-A5E5-2798AC4E0833}.Debug|x86.Build.0 = Debug|Any CPU
		{D7F4D377-5C94-4C35-A5E5-2798AC4E0833}.Release|Any CPU.ActiveCfg = Release|Any CPU
		{D7F4D377-5C94-4C35-A5E5-2798AC4E0833}.Release|Any CPU.Build.0 = Release|Any CPU
		{D7F4D377-5C94-4C35-A5E5-2798AC4E0833}.Release|x64.ActiveCfg = Release|Any CPU
		{D7F4D377-5C94-4C35-A5E5-2798AC4E0833}.Release|x64.Build.0 = Release|Any CPU
		{D7F4D377-5C94-4C35-A5E5-2798AC4E0833}.Release|x86.ActiveCfg = Release|Any CPU
		{D7F4D377-5C94-4C35-A5E5-2798AC4E0833}.Release|x86.Build.0 = Release|Any CPU
		{F6D6AD1B-C989-468B-9A37-F3D307317C57}.Debug|Any CPU.ActiveCfg = Debug|Any CPU
		{F6D6AD1B-C989-468B-9A37-F3D307317C57}.Debug|Any CPU.Build.0 = Debug|Any CPU
		{F6D6AD1B-C989-468B-9A37-F3D307317C57}.Debug|x64.ActiveCfg = Debug|Any CPU
		{F6D6AD1B-C989-468B-9A37-F3D307317C57}.Debug|x64.Build.0 = Debug|Any CPU
		{F6D6AD1B-C989-468B-9A37-F3D307317C57}.Debug|x86.ActiveCfg = Debug|Any CPU
		{F6D6AD1B-C989-468B-9A37-F3D307317C57}.Debug|x86.Build.0 = Debug|Any CPU
		{F6D6AD1B-C989-468B-9A37-F3D307317C57}.Release|Any CPU.ActiveCfg = Release|Any CPU
		{F6D6AD1B-C989-468B-9A37-F3D307317C57}.Release|Any CPU.Build.0 = Release|Any CPU
		{F6D6AD1B-C989-468B-9A37-F3D307317C57}.Release|x64.ActiveCfg = Release|Any CPU
		{F6D6AD1B-C989-468B-9A37-F3D307317C57}.Release|x64.Build.0 = Release|Any CPU
		{F6D6AD1B-C989-468B-9A37-F3D307317C57}.Release|x86.ActiveCfg = Release|Any CPU
		{F6D6AD1B-C989-468B-9A37-F3D307317C57}.Release|x86.Build.0 = Release|Any CPU
		{9C2AE877-24C1-4EDC-989F-6FAED876A370}.Debug|Any CPU.ActiveCfg = Debug|Any CPU
		{9C2AE877-24C1-4EDC-989F-6FAED876A370}.Debug|Any CPU.Build.0 = Debug|Any CPU
		{9C2AE877-24C1-4EDC-989F-6FAED876A370}.Debug|x64.ActiveCfg = Debug|Any CPU
		{9C2AE877-24C1-4EDC-989F-6FAED876A370}.Debug|x64.Build.0 = Debug|Any CPU
		{9C2AE877-24C1-4EDC-989F-6FAED876A370}.Debug|x86.ActiveCfg = Debug|Any CPU
		{9C2AE877-24C1-4EDC-989F-6FAED876A370}.Debug|x86.Build.0 = Debug|Any CPU
		{9C2AE877-24C1-4EDC-989F-6FAED876A370}.Release|Any CPU.ActiveCfg = Release|Any CPU
		{9C2AE877-24C1-4EDC-989F-6FAED876A370}.Release|Any CPU.Build.0 = Release|Any CPU
		{9C2AE877-24C1-4EDC-989F-6FAED876A370}.Release|x64.ActiveCfg = Release|Any CPU
		{9C2AE877-24C1-4EDC-989F-6FAED876A370}.Release|x64.Build.0 = Release|Any CPU
		{9C2AE877-24C1-4EDC-989F-6FAED876A370}.Release|x86.ActiveCfg = Release|Any CPU
		{9C2AE877-24C1-4EDC-989F-6FAED876A370}.Release|x86.Build.0 = Release|Any CPU
		{828F0155-5E5A-47E2-8B81-4FA9EE1D3CF2}.Debug|Any CPU.ActiveCfg = Debug|Any CPU
		{828F0155-5E5A-47E2-8B81-4FA9EE1D3CF2}.Debug|Any CPU.Build.0 = Debug|Any CPU
		{828F0155-5E5A-47E2-8B81-4FA9EE1D3CF2}.Debug|x64.ActiveCfg = Debug|Any CPU
		{828F0155-5E5A-47E2-8B81-4FA9EE1D3CF2}.Debug|x64.Build.0 = Debug|Any CPU
		{828F0155-5E5A-47E2-8B81-4FA9EE1D3CF2}.Debug|x86.ActiveCfg = Debug|Any CPU
		{828F0155-5E5A-47E2-8B81-4FA9EE1D3CF2}.Debug|x86.Build.0 = Debug|Any CPU
		{828F0155-5E5A-47E2-8B81-4FA9EE1D3CF2}.Release|Any CPU.ActiveCfg = Release|Any CPU
		{828F0155-5E5A-47E2-8B81-4FA9EE1D3CF2}.Release|Any CPU.Build.0 = Release|Any CPU
		{828F0155-5E5A-47E2-8B81-4FA9EE1D3CF2}.Release|x64.ActiveCfg = Release|Any CPU
		{828F0155-5E5A-47E2-8B81-4FA9EE1D3CF2}.Release|x64.Build.0 = Release|Any CPU
		{828F0155-5E5A-47E2-8B81-4FA9EE1D3CF2}.Release|x86.ActiveCfg = Release|Any CPU
		{828F0155-5E5A-47E2-8B81-4FA9EE1D3CF2}.Release|x86.Build.0 = Release|Any CPU
		{584A6854-05F2-4001-850F-678E5EF73EFA}.Debug|Any CPU.ActiveCfg = Debug|Any CPU
		{584A6854-05F2-4001-850F-678E5EF73EFA}.Debug|Any CPU.Build.0 = Debug|Any CPU
		{584A6854-05F2-4001-850F-678E5EF73EFA}.Debug|x64.ActiveCfg = Debug|Any CPU
		{584A6854-05F2-4001-850F-678E5EF73EFA}.Debug|x64.Build.0 = Debug|Any CPU
		{584A6854-05F2-4001-850F-678E5EF73EFA}.Debug|x86.ActiveCfg = Debug|Any CPU
		{584A6854-05F2-4001-850F-678E5EF73EFA}.Debug|x86.Build.0 = Debug|Any CPU
		{584A6854-05F2-4001-850F-678E5EF73EFA}.Release|Any CPU.ActiveCfg = Release|Any CPU
		{584A6854-05F2-4001-850F-678E5EF73EFA}.Release|Any CPU.Build.0 = Release|Any CPU
		{584A6854-05F2-4001-850F-678E5EF73EFA}.Release|x64.ActiveCfg = Release|Any CPU
		{584A6854-05F2-4001-850F-678E5EF73EFA}.Release|x64.Build.0 = Release|Any CPU
		{584A6854-05F2-4001-850F-678E5EF73EFA}.Release|x86.ActiveCfg = Release|Any CPU
		{584A6854-05F2-4001-850F-678E5EF73EFA}.Release|x86.Build.0 = Release|Any CPU
		{AB7F0653-5EF5-463B-ABE5-0C4F2B7EF9B7}.Debug|Any CPU.ActiveCfg = Debug|Any CPU
		{AB7F0653-5EF5-463B-ABE5-0C4F2B7EF9B7}.Debug|Any CPU.Build.0 = Debug|Any CPU
		{AB7F0653-5EF5-463B-ABE5-0C4F2B7EF9B7}.Debug|x64.ActiveCfg = Debug|Any CPU
		{AB7F0653-5EF5-463B-ABE5-0C4F2B7EF9B7}.Debug|x64.Build.0 = Debug|Any CPU
		{AB7F0653-5EF5-463B-ABE5-0C4F2B7EF9B7}.Debug|x86.ActiveCfg = Debug|Any CPU
		{AB7F0653-5EF5-463B-ABE5-0C4F2B7EF9B7}.Debug|x86.Build.0 = Debug|Any CPU
		{AB7F0653-5EF5-463B-ABE5-0C4F2B7EF9B7}.Release|Any CPU.ActiveCfg = Release|Any CPU
		{AB7F0653-5EF5-463B-ABE5-0C4F2B7EF9B7}.Release|Any CPU.Build.0 = Release|Any CPU
		{AB7F0653-5EF5-463B-ABE5-0C4F2B7EF9B7}.Release|x64.ActiveCfg = Release|Any CPU
		{AB7F0653-5EF5-463B-ABE5-0C4F2B7EF9B7}.Release|x64.Build.0 = Release|Any CPU
		{AB7F0653-5EF5-463B-ABE5-0C4F2B7EF9B7}.Release|x86.ActiveCfg = Release|Any CPU
		{AB7F0653-5EF5-463B-ABE5-0C4F2B7EF9B7}.Release|x86.Build.0 = Release|Any CPU
		{C884FC8D-7B49-47C3-BAD3-700AE6EF74AC}.Debug|Any CPU.ActiveCfg = Debug|Any CPU
		{C884FC8D-7B49-47C3-BAD3-700AE6EF74AC}.Debug|Any CPU.Build.0 = Debug|Any CPU
		{C884FC8D-7B49-47C3-BAD3-700AE6EF74AC}.Debug|x64.ActiveCfg = Debug|Any CPU
		{C884FC8D-7B49-47C3-BAD3-700AE6EF74AC}.Debug|x64.Build.0 = Debug|Any CPU
		{C884FC8D-7B49-47C3-BAD3-700AE6EF74AC}.Debug|x86.ActiveCfg = Debug|Any CPU
		{C884FC8D-7B49-47C3-BAD3-700AE6EF74AC}.Debug|x86.Build.0 = Debug|Any CPU
		{C884FC8D-7B49-47C3-BAD3-700AE6EF74AC}.Release|Any CPU.ActiveCfg = Release|Any CPU
		{C884FC8D-7B49-47C3-BAD3-700AE6EF74AC}.Release|Any CPU.Build.0 = Release|Any CPU
		{C884FC8D-7B49-47C3-BAD3-700AE6EF74AC}.Release|x64.ActiveCfg = Release|Any CPU
		{C884FC8D-7B49-47C3-BAD3-700AE6EF74AC}.Release|x64.Build.0 = Release|Any CPU
		{C884FC8D-7B49-47C3-BAD3-700AE6EF74AC}.Release|x86.ActiveCfg = Release|Any CPU
		{C884FC8D-7B49-47C3-BAD3-700AE6EF74AC}.Release|x86.Build.0 = Release|Any CPU
		{32CDCD5D-94DC-422B-A8A0-5EF9253F7F21}.Debug|Any CPU.ActiveCfg = Debug|Any CPU
		{32CDCD5D-94DC-422B-A8A0-5EF9253F7F21}.Debug|Any CPU.Build.0 = Debug|Any CPU
		{32CDCD5D-94DC-422B-A8A0-5EF9253F7F21}.Debug|x64.ActiveCfg = Debug|Any CPU
		{32CDCD5D-94DC-422B-A8A0-5EF9253F7F21}.Debug|x64.Build.0 = Debug|Any CPU
		{32CDCD5D-94DC-422B-A8A0-5EF9253F7F21}.Debug|x86.ActiveCfg = Debug|Any CPU
		{32CDCD5D-94DC-422B-A8A0-5EF9253F7F21}.Debug|x86.Build.0 = Debug|Any CPU
		{32CDCD5D-94DC-422B-A8A0-5EF9253F7F21}.Release|Any CPU.ActiveCfg = Release|Any CPU
		{32CDCD5D-94DC-422B-A8A0-5EF9253F7F21}.Release|Any CPU.Build.0 = Release|Any CPU
		{32CDCD5D-94DC-422B-A8A0-5EF9253F7F21}.Release|x64.ActiveCfg = Release|Any CPU
		{32CDCD5D-94DC-422B-A8A0-5EF9253F7F21}.Release|x64.Build.0 = Release|Any CPU
		{32CDCD5D-94DC-422B-A8A0-5EF9253F7F21}.Release|x86.ActiveCfg = Release|Any CPU
		{32CDCD5D-94DC-422B-A8A0-5EF9253F7F21}.Release|x86.Build.0 = Release|Any CPU
		{8C0B951E-DAFA-42EF-830B-BE8F22AD4B1A}.Debug|Any CPU.ActiveCfg = Debug|Any CPU
		{8C0B951E-DAFA-42EF-830B-BE8F22AD4B1A}.Debug|Any CPU.Build.0 = Debug|Any CPU
		{8C0B951E-DAFA-42EF-830B-BE8F22AD4B1A}.Debug|x64.ActiveCfg = Debug|Any CPU
		{8C0B951E-DAFA-42EF-830B-BE8F22AD4B1A}.Debug|x64.Build.0 = Debug|Any CPU
		{8C0B951E-DAFA-42EF-830B-BE8F22AD4B1A}.Debug|x86.ActiveCfg = Debug|Any CPU
		{8C0B951E-DAFA-42EF-830B-BE8F22AD4B1A}.Debug|x86.Build.0 = Debug|Any CPU
		{8C0B951E-DAFA-42EF-830B-BE8F22AD4B1A}.Release|Any CPU.ActiveCfg = Release|Any CPU
		{8C0B951E-DAFA-42EF-830B-BE8F22AD4B1A}.Release|Any CPU.Build.0 = Release|Any CPU
		{8C0B951E-DAFA-42EF-830B-BE8F22AD4B1A}.Release|x64.ActiveCfg = Release|Any CPU
		{8C0B951E-DAFA-42EF-830B-BE8F22AD4B1A}.Release|x64.Build.0 = Release|Any CPU
		{8C0B951E-DAFA-42EF-830B-BE8F22AD4B1A}.Release|x86.ActiveCfg = Release|Any CPU
		{8C0B951E-DAFA-42EF-830B-BE8F22AD4B1A}.Release|x86.Build.0 = Release|Any CPU
		{20CBE495-0BBF-49E6-9CEE-F5FC0ADAA256}.Debug|Any CPU.ActiveCfg = Debug|Any CPU
		{20CBE495-0BBF-49E6-9CEE-F5FC0ADAA256}.Debug|Any CPU.Build.0 = Debug|Any CPU
		{20CBE495-0BBF-49E6-9CEE-F5FC0ADAA256}.Debug|x64.ActiveCfg = Debug|Any CPU
		{20CBE495-0BBF-49E6-9CEE-F5FC0ADAA256}.Debug|x64.Build.0 = Debug|Any CPU
		{20CBE495-0BBF-49E6-9CEE-F5FC0ADAA256}.Debug|x86.ActiveCfg = Debug|Any CPU
		{20CBE495-0BBF-49E6-9CEE-F5FC0ADAA256}.Debug|x86.Build.0 = Debug|Any CPU
		{20CBE495-0BBF-49E6-9CEE-F5FC0ADAA256}.Release|Any CPU.ActiveCfg = Release|Any CPU
		{20CBE495-0BBF-49E6-9CEE-F5FC0ADAA256}.Release|Any CPU.Build.0 = Release|Any CPU
		{20CBE495-0BBF-49E6-9CEE-F5FC0ADAA256}.Release|x64.ActiveCfg = Release|Any CPU
		{20CBE495-0BBF-49E6-9CEE-F5FC0ADAA256}.Release|x64.Build.0 = Release|Any CPU
		{20CBE495-0BBF-49E6-9CEE-F5FC0ADAA256}.Release|x86.ActiveCfg = Release|Any CPU
		{20CBE495-0BBF-49E6-9CEE-F5FC0ADAA256}.Release|x86.Build.0 = Release|Any CPU
		{DFECA954-0BAB-4215-916F-0EA0AD7FB163}.Debug|Any CPU.ActiveCfg = Debug|Any CPU
		{DFECA954-0BAB-4215-916F-0EA0AD7FB163}.Debug|Any CPU.Build.0 = Debug|Any CPU
		{DFECA954-0BAB-4215-916F-0EA0AD7FB163}.Debug|x64.ActiveCfg = Debug|Any CPU
		{DFECA954-0BAB-4215-916F-0EA0AD7FB163}.Debug|x64.Build.0 = Debug|Any CPU
		{DFECA954-0BAB-4215-916F-0EA0AD7FB163}.Debug|x86.ActiveCfg = Debug|Any CPU
		{DFECA954-0BAB-4215-916F-0EA0AD7FB163}.Debug|x86.Build.0 = Debug|Any CPU
		{DFECA954-0BAB-4215-916F-0EA0AD7FB163}.Release|Any CPU.ActiveCfg = Release|Any CPU
		{DFECA954-0BAB-4215-916F-0EA0AD7FB163}.Release|Any CPU.Build.0 = Release|Any CPU
		{DFECA954-0BAB-4215-916F-0EA0AD7FB163}.Release|x64.ActiveCfg = Release|Any CPU
		{DFECA954-0BAB-4215-916F-0EA0AD7FB163}.Release|x64.Build.0 = Release|Any CPU
		{DFECA954-0BAB-4215-916F-0EA0AD7FB163}.Release|x86.ActiveCfg = Release|Any CPU
		{DFECA954-0BAB-4215-916F-0EA0AD7FB163}.Release|x86.Build.0 = Release|Any CPU
		{B2C3D4E5-F6A7-8901-BCDE-F12345678901}.Debug|Any CPU.ActiveCfg = Debug|Any CPU
		{B2C3D4E5-F6A7-8901-BCDE-F12345678901}.Debug|Any CPU.Build.0 = Debug|Any CPU
		{B2C3D4E5-F6A7-8901-BCDE-F12345678901}.Debug|x64.ActiveCfg = Debug|Any CPU
		{B2C3D4E5-F6A7-8901-BCDE-F12345678901}.Debug|x64.Build.0 = Debug|Any CPU
		{B2C3D4E5-F6A7-8901-BCDE-F12345678901}.Debug|x86.ActiveCfg = Debug|Any CPU
		{B2C3D4E5-F6A7-8901-BCDE-F12345678901}.Debug|x86.Build.0 = Debug|Any CPU
		{B2C3D4E5-F6A7-8901-BCDE-F12345678901}.Release|Any CPU.ActiveCfg = Release|Any CPU
		{B2C3D4E5-F6A7-8901-BCDE-F12345678901}.Release|Any CPU.Build.0 = Release|Any CPU
		{B2C3D4E5-F6A7-8901-BCDE-F12345678901}.Release|x64.ActiveCfg = Release|Any CPU
		{B2C3D4E5-F6A7-8901-BCDE-F12345678901}.Release|x64.Build.0 = Release|Any CPU
		{B2C3D4E5-F6A7-8901-BCDE-F12345678901}.Release|x86.ActiveCfg = Release|Any CPU
		{B2C3D4E5-F6A7-8901-BCDE-F12345678901}.Release|x86.Build.0 = Release|Any CPU
		{C3D4E5F6-A7B8-9012-CDEF-012345678902}.Debug|Any CPU.ActiveCfg = Debug|Any CPU
		{C3D4E5F6-A7B8-9012-CDEF-012345678902}.Debug|Any CPU.Build.0 = Debug|Any CPU
		{C3D4E5F6-A7B8-9012-CDEF-012345678902}.Debug|x64.ActiveCfg = Debug|Any CPU
		{C3D4E5F6-A7B8-9012-CDEF-012345678902}.Debug|x64.Build.0 = Debug|Any CPU
		{C3D4E5F6-A7B8-9012-CDEF-012345678902}.Debug|x86.ActiveCfg = Debug|Any CPU
		{C3D4E5F6-A7B8-9012-CDEF-012345678902}.Debug|x86.Build.0 = Debug|Any CPU
		{C3D4E5F6-A7B8-9012-CDEF-012345678902}.Release|Any CPU.ActiveCfg = Release|Any CPU
		{C3D4E5F6-A7B8-9012-CDEF-012345678902}.Release|Any CPU.Build.0 = Release|Any CPU
		{C3D4E5F6-A7B8-9012-CDEF-012345678902}.Release|x64.ActiveCfg = Release|Any CPU
		{C3D4E5F6-A7B8-9012-CDEF-012345678902}.Release|x64.Build.0 = Release|Any CPU
		{C3D4E5F6-A7B8-9012-CDEF-012345678902}.Release|x86.ActiveCfg = Release|Any CPU
		{C3D4E5F6-A7B8-9012-CDEF-012345678902}.Release|x86.Build.0 = Release|Any CPU
		{D4E5F6A7-B8C9-0123-DEF0-123456789003}.Debug|Any CPU.ActiveCfg = Debug|Any CPU
		{D4E5F6A7-B8C9-0123-DEF0-123456789003}.Debug|Any CPU.Build.0 = Debug|Any CPU
		{D4E5F6A7-B8C9-0123-DEF0-123456789003}.Debug|x64.ActiveCfg = Debug|Any CPU
		{D4E5F6A7-B8C9-0123-DEF0-123456789003}.Debug|x64.Build.0 = Debug|Any CPU
		{D4E5F6A7-B8C9-0123-DEF0-123456789003}.Debug|x86.ActiveCfg = Debug|Any CPU
		{D4E5F6A7-B8C9-0123-DEF0-123456789003}.Debug|x86.Build.0 = Debug|Any CPU
		{D4E5F6A7-B8C9-0123-DEF0-123456789003}.Release|Any CPU.ActiveCfg = Release|Any CPU
		{D4E5F6A7-B8C9-0123-DEF0-123456789003}.Release|Any CPU.Build.0 = Release|Any CPU
		{D4E5F6A7-B8C9-0123-DEF0-123456789003}.Release|x64.ActiveCfg = Release|Any CPU
		{D4E5F6A7-B8C9-0123-DEF0-123456789003}.Release|x64.Build.0 = Release|Any CPU
		{D4E5F6A7-B8C9-0123-DEF0-123456789003}.Release|x86.ActiveCfg = Release|Any CPU
		{D4E5F6A7-B8C9-0123-DEF0-123456789003}.Release|x86.Build.0 = Release|Any CPU
		{E5F6A7B8-C9D0-1234-EF01-234567890004}.Debug|Any CPU.ActiveCfg = Debug|Any CPU
		{E5F6A7B8-C9D0-1234-EF01-234567890004}.Debug|Any CPU.Build.0 = Debug|Any CPU
		{E5F6A7B8-C9D0-1234-EF01-234567890004}.Debug|x64.ActiveCfg = Debug|Any CPU
		{E5F6A7B8-C9D0-1234-EF01-234567890004}.Debug|x64.Build.0 = Debug|Any CPU
		{E5F6A7B8-C9D0-1234-EF01-234567890004}.Debug|x86.ActiveCfg = Debug|Any CPU
		{E5F6A7B8-C9D0-1234-EF01-234567890004}.Debug|x86.Build.0 = Debug|Any CPU
		{E5F6A7B8-C9D0-1234-EF01-234567890004}.Release|Any CPU.ActiveCfg = Release|Any CPU
		{E5F6A7B8-C9D0-1234-EF01-234567890004}.Release|Any CPU.Build.0 = Release|Any CPU
		{E5F6A7B8-C9D0-1234-EF01-234567890004}.Release|x64.ActiveCfg = Release|Any CPU
		{E5F6A7B8-C9D0-1234-EF01-234567890004}.Release|x64.Build.0 = Release|Any CPU
		{E5F6A7B8-C9D0-1234-EF01-234567890004}.Release|x86.ActiveCfg = Release|Any CPU
		{E5F6A7B8-C9D0-1234-EF01-234567890004}.Release|x86.Build.0 = Release|Any CPU
		{B7EA5C5C-6F84-4C87-BC13-00D2C3B1E85C}.Debug|Any CPU.ActiveCfg = Debug|Any CPU
		{B7EA5C5C-6F84-4C87-BC13-00D2C3B1E85C}.Debug|Any CPU.Build.0 = Debug|Any CPU
		{B7EA5C5C-6F84-4C87-BC13-00D2C3B1E85C}.Debug|x64.ActiveCfg = Debug|Any CPU
		{B7EA5C5C-6F84-4C87-BC13-00D2C3B1E85C}.Debug|x64.Build.0 = Debug|Any CPU
		{B7EA5C5C-6F84-4C87-BC13-00D2C3B1E85C}.Debug|x86.ActiveCfg = Debug|Any CPU
		{B7EA5C5C-6F84-4C87-BC13-00D2C3B1E85C}.Debug|x86.Build.0 = Debug|Any CPU
		{B7EA5C5C-6F84-4C87-BC13-00D2C3B1E85C}.Release|Any CPU.ActiveCfg = Release|Any CPU
		{B7EA5C5C-6F84-4C87-BC13-00D2C3B1E85C}.Release|Any CPU.Build.0 = Release|Any CPU
		{B7EA5C5C-6F84-4C87-BC13-00D2C3B1E85C}.Release|x64.ActiveCfg = Release|Any CPU
		{B7EA5C5C-6F84-4C87-BC13-00D2C3B1E85C}.Release|x64.Build.0 = Release|Any CPU
		{B7EA5C5C-6F84-4C87-BC13-00D2C3B1E85C}.Release|x86.ActiveCfg = Release|Any CPU
		{B7EA5C5C-6F84-4C87-BC13-00D2C3B1E85C}.Release|x86.Build.0 = Release|Any CPU
		{2EBDD70F-5B56-46C2-8ED8-977B39AC772C}.Debug|Any CPU.ActiveCfg = Debug|Any CPU
		{2EBDD70F-5B56-46C2-8ED8-977B39AC772C}.Debug|Any CPU.Build.0 = Debug|Any CPU
		{2EBDD70F-5B56-46C2-8ED8-977B39AC772C}.Debug|x64.ActiveCfg = Debug|Any CPU
		{2EBDD70F-5B56-46C2-8ED8-977B39AC772C}.Debug|x64.Build.0 = Debug|Any CPU
		{2EBDD70F-5B56-46C2-8ED8-977B39AC772C}.Debug|x86.ActiveCfg = Debug|Any CPU
		{2EBDD70F-5B56-46C2-8ED8-977B39AC772C}.Debug|x86.Build.0 = Debug|Any CPU
		{2EBDD70F-5B56-46C2-8ED8-977B39AC772C}.Release|Any CPU.ActiveCfg = Release|Any CPU
		{2EBDD70F-5B56-46C2-8ED8-977B39AC772C}.Release|Any CPU.Build.0 = Release|Any CPU
		{2EBDD70F-5B56-46C2-8ED8-977B39AC772C}.Release|x64.ActiveCfg = Release|Any CPU
		{2EBDD70F-5B56-46C2-8ED8-977B39AC772C}.Release|x64.Build.0 = Release|Any CPU
		{2EBDD70F-5B56-46C2-8ED8-977B39AC772C}.Release|x86.ActiveCfg = Release|Any CPU
		{2EBDD70F-5B56-46C2-8ED8-977B39AC772C}.Release|x86.Build.0 = Release|Any CPU
		{E80F77A5-49F1-49D4-9EA3-0A875B39B526}.Debug|Any CPU.ActiveCfg = Debug|Any CPU
		{E80F77A5-49F1-49D4-9EA3-0A875B39B526}.Debug|Any CPU.Build.0 = Debug|Any CPU
		{E80F77A5-49F1-49D4-9EA3-0A875B39B526}.Debug|x64.ActiveCfg = Debug|Any CPU
		{E80F77A5-49F1-49D4-9EA3-0A875B39B526}.Debug|x64.Build.0 = Debug|Any CPU
		{E80F77A5-49F1-49D4-9EA3-0A875B39B526}.Debug|x86.ActiveCfg = Debug|Any CPU
		{E80F77A5-49F1-49D4-9EA3-0A875B39B526}.Debug|x86.Build.0 = Debug|Any CPU
		{E80F77A5-49F1-49D4-9EA3-0A875B39B526}.Release|Any CPU.ActiveCfg = Release|Any CPU
		{E80F77A5-49F1-49D4-9EA3-0A875B39B526}.Release|Any CPU.Build.0 = Release|Any CPU
		{E80F77A5-49F1-49D4-9EA3-0A875B39B526}.Release|x64.ActiveCfg = Release|Any CPU
		{E80F77A5-49F1-49D4-9EA3-0A875B39B526}.Release|x64.Build.0 = Release|Any CPU
		{E80F77A5-49F1-49D4-9EA3-0A875B39B526}.Release|x86.ActiveCfg = Release|Any CPU
		{E80F77A5-49F1-49D4-9EA3-0A875B39B526}.Release|x86.Build.0 = Release|Any CPU
		{819DA425-2CDE-4BBE-88F1-4D5868210CCC}.Debug|Any CPU.ActiveCfg = Debug|Any CPU
		{819DA425-2CDE-4BBE-88F1-4D5868210CCC}.Debug|Any CPU.Build.0 = Debug|Any CPU
		{819DA425-2CDE-4BBE-88F1-4D5868210CCC}.Debug|x64.ActiveCfg = Debug|Any CPU
		{819DA425-2CDE-4BBE-88F1-4D5868210CCC}.Debug|x64.Build.0 = Debug|Any CPU
		{819DA425-2CDE-4BBE-88F1-4D5868210CCC}.Debug|x86.ActiveCfg = Debug|Any CPU
		{819DA425-2CDE-4BBE-88F1-4D5868210CCC}.Debug|x86.Build.0 = Debug|Any CPU
		{819DA425-2CDE-4BBE-88F1-4D5868210CCC}.Release|Any CPU.ActiveCfg = Release|Any CPU
		{819DA425-2CDE-4BBE-88F1-4D5868210CCC}.Release|Any CPU.Build.0 = Release|Any CPU
		{819DA425-2CDE-4BBE-88F1-4D5868210CCC}.Release|x64.ActiveCfg = Release|Any CPU
		{819DA425-2CDE-4BBE-88F1-4D5868210CCC}.Release|x64.Build.0 = Release|Any CPU
		{819DA425-2CDE-4BBE-88F1-4D5868210CCC}.Release|x86.ActiveCfg = Release|Any CPU
		{819DA425-2CDE-4BBE-88F1-4D5868210CCC}.Release|x86.Build.0 = Release|Any CPU
	EndGlobalSection
	GlobalSection(SolutionProperties) = preSolution
		HideSolutionNode = FALSE
	EndGlobalSection
	GlobalSection(NestedProjects) = preSolution
		{2C1DCA96-6E9C-4CED-B68D-22FB2009370A} = {C13E73B6-616D-3195-CD22-1E55A7D1F969}
		{CB193E4A-61FA-4326-81FC-772C185252B1} = {473EF3C4-73FA-6715-AA3C-7C7929374EED}
		{9B5E0BAD-9895-459B-B4A6-3AB422BF5F49} = {473EF3C4-73FA-6715-AA3C-7C7929374EED}
		{49195CCE-77FD-4012-95A7-CC088E558BDE} = {473EF3C4-73FA-6715-AA3C-7C7929374EED}
		{40CF7395-9C93-48B1-873A-9DE22C10632D} = {473EF3C4-73FA-6715-AA3C-7C7929374EED}
		{2447A537-8F84-40F8-8C34-3444759727DF} = {1CDA0139-CFA2-727C-5B69-11DE8DF71EFC}
		{E3A1077C-1ACF-494E-AFB6-486C71069D03} = {1CDA0139-CFA2-727C-5B69-11DE8DF71EFC}
		{C066783E-8292-4018-AFBC-5CEBB42ED36B} = {1CDA0139-CFA2-727C-5B69-11DE8DF71EFC}
		{D7F4D377-5C94-4C35-A5E5-2798AC4E0833} = {1CDA0139-CFA2-727C-5B69-11DE8DF71EFC}
		{F6D6AD1B-C989-468B-9A37-F3D307317C57} = {6306A8FB-679E-111F-6585-8F70E0EE6013}
		{9C2AE877-24C1-4EDC-989F-6FAED876A370} = {0523F106-9A58-235E-3F4B-7B303D1B860E}
		{828F0155-5E5A-47E2-8B81-4FA9EE1D3CF2} = {DD194E6A-D8FA-D349-4F7C-DD2EAB301587}
		{584A6854-05F2-4001-850F-678E5EF73EFA} = {C5FBE174-8E0F-F5A3-B929-8BD0C55C0A32}
		{AB7F0653-5EF5-463B-ABE5-0C4F2B7EF9B7} = {C5FBE174-8E0F-F5A3-B929-8BD0C55C0A32}
		{C884FC8D-7B49-47C3-BAD3-700AE6EF74AC} = {C5FBE174-8E0F-F5A3-B929-8BD0C55C0A32}
		{32CDCD5D-94DC-422B-A8A0-5EF9253F7F21} = {C075C3B5-AEAE-C5DA-947F-2820BDB1661F}
		{8C0B951E-DAFA-42EF-830B-BE8F22AD4B1A} = {C075C3B5-AEAE-C5DA-947F-2820BDB1661F}
		{20CBE495-0BBF-49E6-9CEE-F5FC0ADAA256} = {C075C3B5-AEAE-C5DA-947F-2820BDB1661F}
		{DFECA954-0BAB-4215-916F-0EA0AD7FB163} = {C075C3B5-AEAE-C5DA-947F-2820BDB1661F}
		{B2C3D4E5-F6A7-8901-BCDE-F12345678901} = {A1B2C3D4-E5F6-7890-ABCD-EF1234567890}
		{C3D4E5F6-A7B8-9012-CDEF-012345678902} = {A1B2C3D4-E5F6-7890-ABCD-EF1234567890}
		{D4E5F6A7-B8C9-0123-DEF0-123456789003} = {A1B2C3D4-E5F6-7890-ABCD-EF1234567890}
		{E5F6A7B8-C9D0-1234-EF01-234567890004} = {A1B2C3D4-E5F6-7890-ABCD-EF1234567890}
		{B7EA5C5C-6F84-4C87-BC13-00D2C3B1E85C} = {C2E4DF3F-C3BA-4B07-F1CA-73BB25C76572}
		{2EBDD70F-5B56-46C2-8ED8-977B39AC772C} = {C2E4DF3F-C3BA-4B07-F1CA-73BB25C76572}
		{E80F77A5-49F1-49D4-9EA3-0A875B39B526} = {DD194E6A-D8FA-D349-4F7C-DD2EAB301587}
		{819DA425-2CDE-4BBE-88F1-4D5868210CCC} = {0523F106-9A58-235E-3F4B-7B303D1B860E}
	EndGlobalSection
EndGlobal
