
Microsoft Visual Studio Solution File, Format Version 12.00
# Visual Studio Version 17
VisualStudioVersion = 17.0.31903.59
MinimumVisualStudioVersion = 10.0.40219.1
Project("{FAE04EC0-301F-11D3-BF4B-00C04F79EFBC}") = "Comeback.BuildingBlocks", "src\building-blocks\Comeback.BuildingBlocks\Comeback.BuildingBlocks.csproj", "{2C1DCA96-6E9C-4CED-B68D-22FB2009370A}"
EndProject
Project("{FAE04EC0-301F-11D3-BF4B-00C04F79EFBC}") = "Comeback.Auth.Domain", "src\services\auth\Comeback.Auth.Domain\Comeback.Auth.Domain.csproj", "{CB193E4A-61FA-4326-81FC-772C185252B1}"
EndProject
Project("{FAE04EC0-301F-11D3-BF4B-00C04F79EFBC}") = "Comeback.Auth.Application", "src\services\auth\Comeback.Auth.Application\Comeback.Auth.Application.csproj", "{9B5E0BAD-9895-459B-B4A6-3AB422BF5F49}"
EndProject
Project("{FAE04EC0-301F-11D3-BF4B-00C04F79EFBC}") = "Comeback.Auth.Infrastructure", "src\services\auth\Comeback.Auth.Infrastructure\Comeback.Auth.Infrastructure.csproj", "{49195CCE-77FD-4012-95A7-CC088E558BDE}"
EndProject
Project("{FAE04EC0-301F-11D3-BF4B-00C04F79EFBC}") = "Comeback.Auth.Api", "src\services\auth\Comeback.Auth.Api\Comeback.Auth.Api.csproj", "{40CF7395-9C93-48B1-873A-9DE22C10632D}"
EndProject
Project("{FAE04EC0-301F-11D3-BF4B-00C04F79EFBC}") = "Comeback.Auth.Application.Tests", "tests\services\auth\Comeback.Auth.Application.Tests\Comeback.Auth.Application.Tests.csproj", "{9C2AE877-24C1-4EDC-989F-6FAED876A370}"
EndProject
Project("{FAE04EC0-301F-11D3-BF4B-00C04F79EFBC}") = "Comeback.Notification.Application", "src\services\notification\Comeback.Notification.Application\Comeback.Notification.Application.csproj", "{584A6854-05F2-4001-850F-678E5EF73EFA}"
EndProject
Project("{FAE04EC0-301F-11D3-BF4B-00C04F79EFBC}") = "Comeback.Notification.Infrastructure", "src\services\notification\Comeback.Notification.Infrastructure\Comeback.Notification.Infrastructure.csproj", "{AB7F0653-5EF5-463B-ABE5-0C4F2B7EF9B7}"
EndProject
Project("{FAE04EC0-301F-11D3-BF4B-00C04F79EFBC}") = "Comeback.Notification.Api", "src\services\notification\Comeback.Notification.Api\Comeback.Notification.Api.csproj", "{C884FC8D-7B49-47C3-BAD3-700AE6EF74AC}"
EndProject
Project("{FAE04EC0-301F-11D3-BF4B-00C04F79EFBC}") = "Comeback.Match.Domain", "src\services\match\Comeback.Match.Domain\Comeback.Match.Domain.csproj", "{32CDCD5D-94DC-422B-A8A0-5EF9253F7F21}"
EndProject
Project("{FAE04EC0-301F-11D3-BF4B-00C04F79EFBC}") = "Comeback.Match.Application", "src\services\match\Comeback.Match.Application\Comeback.Match.Application.csproj", "{8C0B951E-DAFA-42EF-830B-BE8F22AD4B1A}"
EndProject
Project("{FAE04EC0-301F-11D3-BF4B-00C04F79EFBC}") = "Comeback.Match.Infrastructure", "src\services\match\Comeback.Match.Infrastructure\Comeback.Match.Infrastructure.csproj", "{20CBE495-0BBF-49E6-9CEE-F5FC0ADAA256}"
EndProject
Project("{FAE04EC0-301F-11D3-BF4B-00C04F79EFBC}") = "Comeback.Match.Api", "src\services\match\Comeback.Match.Api\Comeback.Match.Api.csproj", "{DFECA954-0BAB-4215-916F-0EA0AD7FB163}"
EndProject
Project("{FAE04EC0-301F-11D3-BF4B-00C04F79EFBC}") = "Comeback.Match.Application.Tests", "tests\services\match\Comeback.Match.Application.Tests\Comeback.Match.Application.Tests.csproj", "{B7EA5C5C-6F84-4C87-BC13-00D2C3B1E85C}"
EndProject
Project("{FAE04EC0-301F-11D3-BF4B-00C04F79EFBC}") = "Comeback.Match.Api.IntegrationTests", "tests\services\match\Comeback.Match.Api.IntegrationTests\Comeback.Match.Api.IntegrationTests.csproj", "{2EBDD70F-5B56-46C2-8ED8-977B39AC772C}"
EndProject
Project("{FAE04EC0-301F-11D3-BF4B-00C04F79EFBC}") = "Comeback.Auth.Api.IntegrationTests", "tests\services\auth\Comeback.Auth.Api.IntegrationTests\Comeback.Auth.Api.IntegrationTests.csproj", "{819DA425-2CDE-4BBE-88F1-4D5868210CCC}"
EndProject
Global
	GlobalSection(SolutionConfigurationPlatforms) = preSolution
		Debug|Any CPU = Debug|Any CPU
		Debug|x64 = Debug|x64
		Debug|x86 = Debug|x86
		Release|Any CPU = Release|Any CPU
		Release|x64 = Release|x64
		Release|x86 = Release|x86
	EndGlobalSection
	GlobalSection(ProjectConfigurationPlatforms) = postSolution
		{2C1DCA96-6E9C-4CED-B68D-22FB2009370A}.Debug|Any CPU.ActiveCfg = Debug|Any CPU
		{2C1DCA96-6E9C-4CED-B68D-22FB2009370A}.Debug|Any CPU.Build.0 = Debug|Any CPU
		{2C1DCA96-6E9C-4CED-B68D-22FB2009370A}.Debug|x64.ActiveCfg = Debug|Any CPU
		{2C1DCA96-6E9C-4CED-B68D-22FB2009370A}.Debug|x64.Build.0 = Debug|Any CPU
		{2C1DCA96-6E9C-4CED-B68D-22FB2009370A}.Debug|x86.ActiveCfg = Debug|Any CPU
		{2C1DCA96-6E9C-4CED-B68D-22FB2009370A}.Debug|x86.Build.0 = Debug|Any CPU
		{2C1DCA96-6E9C-4CED-B68D-22FB2009370A}.Release|Any CPU.ActiveCfg = Release|Any CPU
		{2C1DCA96-6E9C-4CED-B68D-22FB2009370A}.Release|Any CPU.Build.0 = Release|Any CPU
		{2C1DCA96-6E9C-4CED-B68D-22FB2009370A}.Release|x64.ActiveCfg = Release|Any CPU
		{2C1DCA96-6E9C-4CED-B68D-22FB2009370A}.Release|x64.Build.0 = Release|Any CPU
		{2C1DCA96-6E9C-4CED-B68D-22FB2009370A}.Release|x86.ActiveCfg = Release|Any CPU
		{2C1DCA96-6E9C-4CED-B68D-22FB2009370A}.Release|x86.Build.0 = Release|Any CPU
		{CB193E4A-61FA-4326-81FC-772C185252B1}.Debug|Any CPU.ActiveCfg = Debug|Any CPU
		{CB193E4A-61FA-4326-81FC-772C185252B1}.Debug|Any CPU.Build.0 = Debug|Any CPU
		{CB193E4A-61FA-4326-81FC-772C185252B1}.Debug|x64.ActiveCfg = Debug|Any CPU
		{CB193E4A-61FA-4326-81FC-772C185252B1}.Debug|x64.Build.0 = Debug|Any CPU
		{CB193E4A-61FA-4326-81FC-772C185252B1}.Debug|x86.ActiveCfg = Debug|Any CPU
		{CB193E4A-61FA-4326-81FC-772C185252B1}.Debug|x86.Build.0 = Debug|Any CPU
		{CB193E4A-61FA-4326-81FC-772C185252B1}.Release|Any CPU.ActiveCfg = Release|Any CPU
		{CB193E4A-61FA-4326-81FC-772C185252B1}.Release|Any CPU.Build.0 = Release|Any CPU
		{CB193E4A-61FA-4326-81FC-772C185252B1}.Release|x64.ActiveCfg = Release|Any CPU
		{CB193E4A-61FA-4326-81FC-772C185252B1}.Release|x64.Build.0 = Release|Any CPU
		{CB193E4A-61FA-4326-81FC-772C185252B1}.Release|x86.ActiveCfg = Release|Any CPU
		{CB193E4A-61FA-4326-81FC-772C185252B1}.Release|x86.Build.0 = Release|Any CPU
		{9B5E0BAD-9895-459B-B4A6-3AB422BF5F49}.Debug|Any CPU.ActiveCfg = Debug|Any CPU
		{9B5E0BAD-9895-459B-B4A6-3AB422BF5F49}.Debug|Any CPU.Build.0 = Debug|Any CPU
		{9B5E0BAD-9895-459B-B4A6-3AB422BF5F49}.Debug|x64.ActiveCfg = Debug|Any CPU
		{9B5E0BAD-9895-459B-B4A6-3AB422BF5F49}.Debug|x64.Build.0 = Debug|Any CPU
		{9B5E0BAD-9895-459B-B4A6-3AB422BF5F49}.Debug|x86.ActiveCfg = Debug|Any CPU
		{9B5E0BAD-9895-459B-B4A6-3AB422BF5F49}.Debug|x86.Build.0 = Debug|Any CPU
		{9B5E0BAD-9895-459B-B4A6-3AB422BF5F49}.Release|Any CPU.ActiveCfg = Release|Any CPU
		{9B5E0BAD-9895-459B-B4A6-3AB422BF5F49}.Release|Any CPU.Build.0 = Release|Any CPU
		{9B5E0BAD-9895-459B-B4A6-3AB422BF5F49}.Release|x64.ActiveCfg = Release|Any CPU
		{9B5E0BAD-9895-459B-B4A6-3AB422BF5F49}.Release|x64.Build.0 = Release|Any CPU
		{9B5E0BAD-9895-459B-B4A6-3AB422BF5F49}.Release|x86.ActiveCfg = Release|Any CPU
		{9B5E0BAD-9895-459B-B4A6-3AB422BF5F49}.Release|x86.Build.0 = Release|Any CPU
		{49195CCE-77FD-4012-95A7-CC088E558BDE}.Debug|Any CPU.ActiveCfg = Debug|Any CPU
		{49195CCE-77FD-4012-95A7-CC088E558BDE}.Debug|Any CPU.Build.0 = Debug|Any CPU
		{49195CCE-77FD-4012-95A7-CC088E558BDE}.Debug|x64.ActiveCfg = Debug|Any CPU
		{49195CCE-77FD-4012-95A7-CC088E558BDE}.Debug|x64.Build.0 = Debug|Any CPU
		{49195CCE-77FD-4012-95A7-CC088E558BDE}.Debug|x86.ActiveCfg = Debug|Any CPU
		{49195CCE-77FD-4012-95A7-CC088E558BDE}.Debug|x86.Build.0 = Debug|Any CPU
		{49195CCE-77FD-4012-95A7-CC088E558BDE}.Release|Any CPU.ActiveCfg = Release|Any CPU
		{49195CCE-77FD-4012-95A7-CC088E558BDE}.Release|Any CPU.Build.0 = Release|Any CPU
		{49195CCE-77FD-4012-95A7-CC088E558BDE}.Release|x64.ActiveCfg = Release|Any CPU
		{49195CCE-77FD-4012-95A7-CC088E558BDE}.Release|x64.Build.0 = Release|Any CPU
		{49195CCE-77FD-4012-95A7-CC088E558BDE}.Release|x86.ActiveCfg = Release|Any CPU
		{49195CCE-77FD-4012-95A7-CC088E558BDE}.Release|x86.Build.0 = Release|Any CPU
		{40CF7395-9C93-48B1-873A-9DE22C10632D}.Debug|Any CPU.ActiveCfg = Debug|Any CPU
		{40CF7395-9C93-48B1-873A-9DE22C10632D}.Debug|Any CPU.Build.0 = Debug|Any CPU
		{40CF7395-9C93-48B1-873A-9DE22C10632D}.Debug|x64.ActiveCfg = Debug|Any CPU
		{40CF7395-9C93-48B1-873A-9DE22C10632D}.Debug|x64.Build.0 = Debug|Any CPU
		{40CF7395-9C93-48B1-873A-9DE22C10632D}.Debug|x86.ActiveCfg = Debug|Any CPU
		{40CF7395-9C93-48B1-873A-9DE22C10632D}.Debug|x86.Build.0 = Debug|Any CPU
		{40CF7395-9C93-48B1-873A-9DE22C10632D}.Release|Any CPU.ActiveCfg = Release|Any CPU
		{40CF7395-9C93-48B1-873A-9DE22C10632D}.Release|Any CPU.Build.0 = Release|Any CPU
		{40CF7395-9C93-48B1-873A-9DE22C10632D}.Release|x64.ActiveCfg = Release|Any CPU
		{40CF7395-9C93-48B1-873A-9DE22C10632D}.Release|x64.Build.0 = Release|Any CPU
		{40CF7395-9C93-48B1-873A-9DE22C10632D}.Release|x86.ActiveCfg = Release|Any CPU
		{40CF7395-9C93-48B1-873A-9DE22C10632D}.Release|x86.Build.0 = Release|Any CPU
		{9C2AE877-24C1-4EDC-989F-6FAED876A370}.Debug|Any CPU.ActiveCfg = Debug|Any CPU
		{9C2AE877-24C1-4EDC-989F-6FAED876A370}.Debug|Any CPU.Build.0 = Debug|Any CPU
		{9C2AE877-24C1-4EDC-989F-6FAED876A370}.Debug|x64.ActiveCfg = Debug|Any CPU
		{9C2AE877-24C1-4EDC-989F-6FAED876A370}.Debug|x64.Build.0 = Debug|Any CPU
		{9C2AE877-24C1-4EDC-989F-6FAED876A370}.Debug|x86.ActiveCfg = Debug|Any CPU
		{9C2AE877-24C1-4EDC-989F-6FAED876A370}.Debug|x86.Build.0 = Debug|Any CPU
		{9C2AE877-24C1-4EDC-989F-6FAED876A370}.Release|Any CPU.ActiveCfg = Release|Any CPU
		{9C2AE877-24C1-4EDC-989F-6FAED876A370}.Release|Any CPU.Build.0 = Release|Any CPU
		{9C2AE877-24C1-4EDC-989F-6FAED876A370}.Release|x64.ActiveCfg = Release|Any CPU
		{9C2AE877-24C1-4EDC-989F-6FAED876A370}.Release|x64.Build.0 = Release|Any CPU
		{9C2AE877-24C1-4EDC-989F-6FAED876A370}.Release|x86.ActiveCfg = Release|Any CPU
		{9C2AE877-24C1-4EDC-989F-6FAED876A370}.Release|x86.Build.0 = Release|Any CPU
		{584A6854-05F2-4001-850F-678E5EF73EFA}.Debug|Any CPU.ActiveCfg = Debug|Any CPU
		{584A6854-05F2-4001-850F-678E5EF73EFA}.Debug|Any CPU.Build.0 = Debug|Any CPU
		{584A6854-05F2-4001-850F-678E5EF73EFA}.Debug|x64.ActiveCfg = Debug|Any CPU
		{584A6854-05F2-4001-850F-678E5EF73EFA}.Debug|x64.Build.0 = Debug|Any CPU
		{584A6854-05F2-4001-850F-678E5EF73EFA}.Debug|x86.ActiveCfg = Debug|Any CPU
		{584A6854-05F2-4001-850F-678E5EF73EFA}.Debug|x86.Build.0 = Debug|Any CPU
		{584A6854-05F2-4001-850F-678E5EF73EFA}.Release|Any CPU.ActiveCfg = Release|Any CPU
		{584A6854-05F2-4001-850F-678E5EF73EFA}.Release|Any CPU.Build.0 = Release|Any CPU
		{584A6854-05F2-4001-850F-678E5EF73EFA}.Release|x64.ActiveCfg = Release|Any CPU
		{584A6854-05F2-4001-850F-678E5EF73EFA}.Release|x64.Build.0 = Release|Any CPU
		{584A6854-05F2-4001-850F-678E5EF73EFA}.Release|x86.ActiveCfg = Release|Any CPU
		{584A6854-05F2-4001-850F-678E5EF73EFA}.Release|x86.Build.0 = Release|Any CPU
		{AB7F0653-5EF5-463B-ABE5-0C4F2B7EF9B7}.Debug|Any CPU.ActiveCfg = Debug|Any CPU
		{AB7F0653-5EF5-463B-ABE5-0C4F2B7EF9B7}.Debug|Any CPU.Build.0 = Debug|Any CPU
		{AB7F0653-5EF5-463B-ABE5-0C4F2B7EF9B7}.Debug|x64.ActiveCfg = Debug|Any CPU
		{AB7F0653-5EF5-463B-ABE5-0C4F2B7EF9B7}.Debug|x64.Build.0 = Debug|Any CPU
		{AB7F0653-5EF5-463B-ABE5-0C4F2B7EF9B7}.Debug|x86.ActiveCfg = Debug|Any CPU
		{AB7F0653-5EF5-463B-ABE5-0C4F2B7EF9B7}.Debug|x86.Build.0 = Debug|Any CPU
		{AB7F0653-5EF5-463B-ABE5-0C4F2B7EF9B7}.Release|Any CPU.ActiveCfg = Release|Any CPU
		{AB7F0653-5EF5-463B-ABE5-0C4F2B7EF9B7}.Release|Any CPU.Build.0 = Release|Any CPU
		{AB7F0653-5EF5-463B-ABE5-0C4F2B7EF9B7}.Release|x64.ActiveCfg = Release|Any CPU
		{AB7F0653-5EF5-463B-ABE5-0C4F2B7EF9B7}.Release|x64.Build.0 = Release|Any CPU
		{AB7F0653-5EF5-463B-ABE5-0C4F2B7EF9B7}.Release|x86.ActiveCfg = Release|Any CPU
		{AB7F0653-5EF5-463B-ABE5-0C4F2B7EF9B7}.Release|x86.Build.0 = Release|Any CPU
		{C884FC8D-7B49-47C3-BAD3-700AE6EF74AC}.Debug|Any CPU.ActiveCfg = Debug|Any CPU
		{C884FC8D-7B49-47C3-BAD3-700AE6EF74AC}.Debug|Any CPU.Build.0 = Debug|Any CPU
		{C884FC8D-7B49-47C3-BAD3-700AE6EF74AC}.Debug|x64.ActiveCfg = Debug|Any CPU
		{C884FC8D-7B49-47C3-BAD3-700AE6EF74AC}.Debug|x64.Build.0 = Debug|Any CPU
		{C884FC8D-7B49-47C3-BAD3-700AE6EF74AC}.Debug|x86.ActiveCfg = Debug|Any CPU
		{C884FC8D-7B49-47C3-BAD3-700AE6EF74AC}.Debug|x86.Build.0 = Debug|Any CPU
		{C884FC8D-7B49-47C3-BAD3-700AE6EF74AC}.Release|Any CPU.ActiveCfg = Release|Any CPU
		{C884FC8D-7B49-47C3-BAD3-700AE6EF74AC}.Release|Any CPU.Build.0 = Release|Any CPU
		{C884FC8D-7B49-47C3-BAD3-700AE6EF74AC}.Release|x64.ActiveCfg = Release|Any CPU
		{C884FC8D-7B49-47C3-BAD3-700AE6EF74AC}.Release|x64.Build.0 = Release|Any CPU
		{C884FC8D-7B49-47C3-BAD3-700AE6EF74AC}.Release|x86.ActiveCfg = Release|Any CPU
		{C884FC8D-7B49-47C3-BAD3-700AE6EF74AC}.Release|x86.Build.0 = Release|Any CPU
		{32CDCD5D-94DC-422B-A8A0-5EF9253F7F21}.Debug|Any CPU.ActiveCfg = Debug|Any CPU
		{32CDCD5D-94DC-422B-A8A0-5EF9253F7F21}.Debug|Any CPU.Build.0 = Debug|Any CPU
		{32CDCD5D-94DC-422B-A8A0-5EF9253F7F21}.Debug|x64.ActiveCfg = Debug|Any CPU
		{32CDCD5D-94DC-422B-A8A0-5EF9253F7F21}.Debug|x64.Build.0 = Debug|Any CPU
		{32CDCD5D-94DC-422B-A8A0-5EF9253F7F21}.Debug|x86.ActiveCfg = Debug|Any CPU
		{32CDCD5D-94DC-422B-A8A0-5EF9253F7F21}.Debug|x86.Build.0 = Debug|Any CPU
		{32CDCD5D-94DC-422B-A8A0-5EF9253F7F21}.Release|Any CPU.ActiveCfg = Release|Any CPU
		{32CDCD5D-94DC-422B-A8A0-5EF9253F7F21}.Release|Any CPU.Build.0 = Release|Any CPU
		{32CDCD5D-94DC-422B-A8A0-5EF9253F7F21}.Release|x64.ActiveCfg = Release|Any CPU
		{32CDCD5D-94DC-422B-A8A0-5EF9253F7F21}.Release|x64.Build.0 = Release|Any CPU
		{32CDCD5D-94DC-422B-A8A0-5EF9253F7F21}.Release|x86.ActiveCfg = Release|Any CPU
		{32CDCD5D-94DC-422B-A8A0-5EF9253F7F21}.Release|x86.Build.0 = Release|Any CPU
		{8C0B951E-DAFA-42EF-830B-BE8F22AD4B1A}.Debug|Any CPU.ActiveCfg = Debug|Any CPU
		{8C0B951E-DAFA-42EF-830B-BE8F22AD4B1A}.Debug|Any CPU.Build.0 = Debug|Any CPU
		{8C0B951E-DAFA-42EF-830B-BE8F22AD4B1A}.Debug|x64.ActiveCfg = Debug|Any CPU
		{8C0B951E-DAFA-42EF-830B-BE8F22AD4B1A}.Debug|x64.Build.0 = Debug|Any CPU
		{8C0B951E-DAFA-42EF-830B-BE8F22AD4B1A}.Debug|x86.ActiveCfg = Debug|Any CPU
		{8C0B951E-DAFA-42EF-830B-BE8F22AD4B1A}.Debug|x86.Build.0 = Debug|Any CPU
		{8C0B951E-DAFA-42EF-830B-BE8F22AD4B1A}.Release|Any CPU.ActiveCfg = Release|Any CPU
		{8C0B951E-DAFA-42EF-830B-BE8F22AD4B1A}.Release|Any CPU.Build.0 = Release|Any CPU
		{8C0B951E-DAFA-42EF-830B-BE8F22AD4B1A}.Release|x64.ActiveCfg = Release|Any CPU
		{8C0B951E-DAFA-42EF-830B-BE8F22AD4B1A}.Release|x64.Build.0 = Release|Any CPU
		{8C0B951E-DAFA-42EF-830B-BE8F22AD4B1A}.Release|x86.ActiveCfg = Release|Any CPU
		{8C0B951E-DAFA-42EF-830B-BE8F22AD4B1A}.Release|x86.Build.0 = Release|Any CPU
		{20CBE495-0BBF-49E6-9CEE-F5FC0ADAA256}.Debug|Any CPU.ActiveCfg = Debug|Any CPU
		{20CBE495-0BBF-49E6-9CEE-F5FC0ADAA256}.Debug|Any CPU.Build.0 = Debug|Any CPU
		{20CBE495-0BBF-49E6-9CEE-F5FC0ADAA256}.Debug|x64.ActiveCfg = Debug|Any CPU
		{20CBE495-0BBF-49E6-9CEE-F5FC0ADAA256}.Debug|x64.Build.0 = Debug|Any CPU
		{20CBE495-0BBF-49E6-9CEE-F5FC0ADAA256}.Debug|x86.ActiveCfg = Debug|Any CPU
		{20CBE495-0BBF-49E6-9CEE-F5FC0ADAA256}.Debug|x86.Build.0 = Debug|Any CPU
		{20CBE495-0BBF-49E6-9CEE-F5FC0ADAA256}.Release|Any CPU.ActiveCfg = Release|Any CPU
		{20CBE495-0BBF-49E6-9CEE-F5FC0ADAA256}.Release|Any CPU.Build.0 = Release|Any CPU
		{20CBE495-0BBF-49E6-9CEE-F5FC0ADAA256}.Release|x64.ActiveCfg = Release|Any CPU
		{20CBE495-0BBF-49E6-9CEE-F5FC0ADAA256}.Release|x64.Build.0 = Release|Any CPU
		{20CBE495-0BBF-49E6-9CEE-F5FC0ADAA256}.Release|x86.ActiveCfg = Release|Any CPU
		{20CBE495-0BBF-49E6-9CEE-F5FC0ADAA256}.Release|x86.Build.0 = Release|Any CPU
		{DFECA954-0BAB-4215-916F-0EA0AD7FB163}.Debug|Any CPU.ActiveCfg = Debug|Any CPU
		{DFECA954-0BAB-4215-916F-0EA0AD7FB163}.Debug|Any CPU.Build.0 = Debug|Any CPU
		{DFECA954-0BAB-4215-916F-0EA0AD7FB163}.Debug|x64.ActiveCfg = Debug|Any CPU
		{DFECA954-0BAB-4215-916F-0EA0AD7FB163}.Debug|x64.Build.0 = Debug|Any CPU
		{DFECA954-0BAB-4215-916F-0EA0AD7FB163}.Debug|x86.ActiveCfg = Debug|Any CPU
		{DFECA954-0BAB-4215-916F-0EA0AD7FB163}.Debug|x86.Build.0 = Debug|Any CPU
		{DFECA954-0BAB-4215-916F-0EA0AD7FB163}.Release|Any CPU.ActiveCfg = Release|Any CPU
		{DFECA954-0BAB-4215-916F-0EA0AD7FB163}.Release|Any CPU.Build.0 = Release|Any CPU
		{DFECA954-0BAB-4215-916F-0EA0AD7FB163}.Release|x64.ActiveCfg = Release|Any CPU
		{DFECA954-0BAB-4215-916F-0EA0AD7FB163}.Release|x64.Build.0 = Release|Any CPU
		{DFECA954-0BAB-4215-916F-0EA0AD7FB163}.Release|x86.ActiveCfg = Release|Any CPU
		{DFECA954-0BAB-4215-916F-0EA0AD7FB163}.Release|x86.Build.0 = Release|Any CPU
		{B7EA5C5C-6F84-4C87-BC13-00D2C3B1E85C}.Debug|Any CPU.ActiveCfg = Debug|Any CPU
		{B7EA5C5C-6F84-4C87-BC13-00D2C3B1E85C}.Debug|Any CPU.Build.0 = Debug|Any CPU
		{B7EA5C5C-6F84-4C87-BC13-00D2C3B1E85C}.Debug|x64.ActiveCfg = Debug|Any CPU
		{B7EA5C5C-6F84-4C87-BC13-00D2C3B1E85C}.Debug|x64.Build.0 = Debug|Any CPU
		{B7EA5C5C-6F84-4C87-BC13-00D2C3B1E85C}.Debug|x86.ActiveCfg = Debug|Any CPU
		{B7EA5C5C-6F84-4C87-BC13-00D2C3B1E85C}.Debug|x86.Build.0 = Debug|Any CPU
		{B7EA5C5C-6F84-4C87-BC13-00D2C3B1E85C}.Release|Any CPU.ActiveCfg = Release|Any CPU
		{B7EA5C5C-6F84-4C87-BC13-00D2C3B1E85C}.Release|Any CPU.Build.0 = Release|Any CPU
		{B7EA5C5C-6F84-4C87-BC13-00D2C3B1E85C}.Release|x64.ActiveCfg = Release|Any CPU
		{B7EA5C5C-6F84-4C87-BC13-00D2C3B1E85C}.Release|x64.Build.0 = Release|Any CPU
		{B7EA5C5C-6F84-4C87-BC13-00D2C3B1E85C}.Release|x86.ActiveCfg = Release|Any CPU
		{B7EA5C5C-6F84-4C87-BC13-00D2C3B1E85C}.Release|x86.Build.0 = Release|Any CPU
		{2EBDD70F-5B56-46C2-8ED8-977B39AC772C}.Debug|Any CPU.ActiveCfg = Debug|Any CPU
		{2EBDD70F-5B56-46C2-8ED8-977B39AC772C}.Debug|Any CPU.Build.0 = Debug|Any CPU
		{2EBDD70F-5B56-46C2-8ED8-977B39AC772C}.Debug|x64.ActiveCfg = Debug|Any CPU
		{2EBDD70F-5B56-46C2-8ED8-977B39AC772C}.Debug|x64.Build.0 = Debug|Any CPU
		{2EBDD70F-5B56-46C2-8ED8-977B39AC772C}.Debug|x86.ActiveCfg = Debug|Any CPU
		{2EBDD70F-5B56-46C2-8ED8-977B39AC772C}.Debug|x86.Build.0 = Debug|Any CPU
		{2EBDD70F-5B56-46C2-8ED8-977B39AC772C}.Release|Any CPU.ActiveCfg = Release|Any CPU
		{2EBDD70F-5B56-46C2-8ED8-977B39AC772C}.Release|Any CPU.Build.0 = Release|Any CPU
		{2EBDD70F-5B56-46C2-8ED8-977B39AC772C}.Release|x64.ActiveCfg = Release|Any CPU
		{2EBDD70F-5B56-46C2-8ED8-977B39AC772C}.Release|x64.Build.0 = Release|Any CPU
		{2EBDD70F-5B56-46C2-8ED8-977B39AC772C}.Release|x86.ActiveCfg = Release|Any CPU
		{2EBDD70F-5B56-46C2-8ED8-977B39AC772C}.Release|x86.Build.0 = Release|Any CPU
		{819DA425-2CDE-4BBE-88F1-4D5868210CCC}.Debug|Any CPU.ActiveCfg = Debug|Any CPU
		{819DA425-2CDE-4BBE-88F1-4D5868210CCC}.Debug|Any CPU.Build.0 = Debug|Any CPU
		{819DA425-2CDE-4BBE-88F1-4D5868210CCC}.Debug|x64.ActiveCfg = Debug|Any CPU
		{819DA425-2CDE-4BBE-88F1-4D5868210CCC}.Debug|x64.Build.0 = Debug|Any CPU
		{819DA425-2CDE-4BBE-88F1-4D5868210CCC}.Debug|x86.ActiveCfg = Debug|Any CPU
		{819DA425-2CDE-4BBE-88F1-4D5868210CCC}.Debug|x86.Build.0 = Debug|Any CPU
		{819DA425-2CDE-4BBE-88F1-4D5868210CCC}.Release|Any CPU.ActiveCfg = Release|Any CPU
		{819DA425-2CDE-4BBE-88F1-4D5868210CCC}.Release|Any CPU.Build.0 = Release|Any CPU
		{819DA425-2CDE-4BBE-88F1-4D5868210CCC}.Release|x64.ActiveCfg = Release|Any CPU
		{819DA425-2CDE-4BBE-88F1-4D5868210CCC}.Release|x64.Build.0 = Release|Any CPU
		{819DA425-2CDE-4BBE-88F1-4D5868210CCC}.Release|x86.ActiveCfg = Release|Any CPU
		{819DA425-2CDE-4BBE-88F1-4D5868210CCC}.Release|x86.Build.0 = Release|Any CPU
	EndGlobalSection
	GlobalSection(SolutionProperties) = preSolution
		HideSolutionNode = FALSE
	EndGlobalSection
	GlobalSection(NestedProjects) = preSolution
		{2C1DCA96-6E9C-4CED-B68D-22FB2009370A} = {C13E73B6-616D-3195-CD22-1E55A7D1F969}
		{CB193E4A-61FA-4326-81FC-772C185252B1} = {473EF3C4-73FA-6715-AA3C-7C7929374EED}
		{9B5E0BAD-9895-459B-B4A6-3AB422BF5F49} = {473EF3C4-73FA-6715-AA3C-7C7929374EED}
		{49195CCE-77FD-4012-95A7-CC088E558BDE} = {473EF3C4-73FA-6715-AA3C-7C7929374EED}
		{40CF7395-9C93-48B1-873A-9DE22C10632D} = {473EF3C4-73FA-6715-AA3C-7C7929374EED}
		{9C2AE877-24C1-4EDC-989F-6FAED876A370} = {0523F106-9A58-235E-3F4B-7B303D1B860E}
		{584A6854-05F2-4001-850F-678E5EF73EFA} = {C5FBE174-8E0F-F5A3-B929-8BD0C55C0A32}
		{AB7F0653-5EF5-463B-ABE5-0C4F2B7EF9B7} = {C5FBE174-8E0F-F5A3-B929-8BD0C55C0A32}
		{C884FC8D-7B49-47C3-BAD3-700AE6EF74AC} = {C5FBE174-8E0F-F5A3-B929-8BD0C55C0A32}
		{32CDCD5D-94DC-422B-A8A0-5EF9253F7F21} = {C075C3B5-AEAE-C5DA-947F-2820BDB1661F}
		{8C0B951E-DAFA-42EF-830B-BE8F22AD4B1A} = {C075C3B5-AEAE-C5DA-947F-2820BDB1661F}
		{20CBE495-0BBF-49E6-9CEE-F5FC0ADAA256} = {C075C3B5-AEAE-C5DA-947F-2820BDB1661F}
		{DFECA954-0BAB-4215-916F-0EA0AD7FB163} = {C075C3B5-AEAE-C5DA-947F-2820BDB1661F}
		{B7EA5C5C-6F84-4C87-BC13-00D2C3B1E85C} = {C2E4DF3F-C3BA-4B07-F1CA-73BB25C76572}
		{2EBDD70F-5B56-46C2-8ED8-977B39AC772C} = {C2E4DF3F-C3BA-4B07-F1CA-73BB25C76572}
		{819DA425-2CDE-4BBE-88F1-4D5868210CCC} = {0523F106-9A58-235E-3F4B-7B303D1B860E}
	EndGlobalSection
EndGlobal
